// !$*UTF8*$!
{
	archiveVersion = 1;
	classes = {
	};
	objectVersion = 51;
	objects = {

/* Begin PBXBuildFile section */
		288F40EAC47576C7E7C7B3A6 /* libPods-FoodReviewTests.a in Frameworks */ = {isa = PBXBuildFile; fileRef = 67113FFC8D829523307D97CF /* libPods-FoodReviewTests.a */; };
		CD33CF8A8967B1B2216C43CA /* libPods-FoodReview.a in Frameworks */ = {isa = PBXBuildFile; fileRef = 39F3EF3B090EBCA410DA26D5 /* libPods-FoodReview.a */; };
		EA60D0BF268AC30D006AAECC /* HomePresenterImp.m in Sources */ = {isa = PBXBuildFile; fileRef = EA60D0BE268AC30D006AAECC /* HomePresenterImp.m */; };
		EA60D0C2268AC792006AAECC /* HomeInteractorImp.m in Sources */ = {isa = PBXBuildFile; fileRef = EA60D0C1268AC792006AAECC /* HomeInteractorImp.m */; };
		EA60D0C5268B1B8C006AAECC /* PhotoCollectionViewCell.m in Sources */ = {isa = PBXBuildFile; fileRef = EA60D0C4268B1B8C006AAECC /* PhotoCollectionViewCell.m */; };
		EA60D0C8268C042D006AAECC /* RatingView.m in Sources */ = {isa = PBXBuildFile; fileRef = EA60D0C7268C042D006AAECC /* RatingView.m */; };
		EA60D0CB268C1ED7006AAECC /* Rating.m in Sources */ = {isa = PBXBuildFile; fileRef = EA60D0CA268C1ED7006AAECC /* Rating.m */; };
		EA60D0CE268C1EFA006AAECC /* Reaction.m in Sources */ = {isa = PBXBuildFile; fileRef = EA60D0CD268C1EFA006AAECC /* Reaction.m */; };
		EA60D0D1268C1F03006AAECC /* Comment.m in Sources */ = {isa = PBXBuildFile; fileRef = EA60D0D0268C1F03006AAECC /* Comment.m */; };
		EA60D0D4268C1F36006AAECC /* Relationship.m in Sources */ = {isa = PBXBuildFile; fileRef = EA60D0D3268C1F36006AAECC /* Relationship.m */; };
		EA60D0D7268C1F52006AAECC /* Experience.m in Sources */ = {isa = PBXBuildFile; fileRef = EA60D0D6268C1F52006AAECC /* Experience.m */; };
		EA60D0DA268C94CC006AAECC /* DetailReviewViewController.m in Sources */ = {isa = PBXBuildFile; fileRef = EA60D0D9268C94CC006AAECC /* DetailReviewViewController.m */; };
		EA60D0DD268D73F5006AAECC /* UserTableHeaderView.m in Sources */ = {isa = PBXBuildFile; fileRef = EA60D0DC268D73F5006AAECC /* UserTableHeaderView.m */; };
		EA66AFC1265A4E380090AA99 /* PostCollectionViewCell.m in Sources */ = {isa = PBXBuildFile; fileRef = EA66AFC0265A4E380090AA99 /* PostCollectionViewCell.m */; };
		EA681B4F2658FED10021B301 /* PagingViewTableHeaderView.m in Sources */ = {isa = PBXBuildFile; fileRef = EA681B4E2658FED10021B301 /* PagingViewTableHeaderView.m */; };
		EA681B52265903A20021B301 /* AllPostsViewController.m in Sources */ = {isa = PBXBuildFile; fileRef = EA681B51265903A20021B301 /* AllPostsViewController.m */; };
		EA6D2705269A802700C1B1B7 /* PlaceResultViewController.m in Sources */ = {isa = PBXBuildFile; fileRef = EA6D2704269A802700C1B1B7 /* PlaceResultViewController.m */; };
		EA6D2708269A803F00C1B1B7 /* ReviewResultViewController.m in Sources */ = {isa = PBXBuildFile; fileRef = EA6D2707269A803F00C1B1B7 /* ReviewResultViewController.m */; };
		EA6D270B269A806400C1B1B7 /* HashtagResultViewController.m in Sources */ = {isa = PBXBuildFile; fileRef = EA6D270A269A806400C1B1B7 /* HashtagResultViewController.m */; };
		EA6D270E269A808000C1B1B7 /* UserResultViewController.m in Sources */ = {isa = PBXBuildFile; fileRef = EA6D270D269A808000C1B1B7 /* UserResultViewController.m */; };
		EA6D2711269A80B700C1B1B7 /* DetailUserViewController.m in Sources */ = {isa = PBXBuildFile; fileRef = EA6D2710269A80B700C1B1B7 /* DetailUserViewController.m */; };
		EA6D2714269A814900C1B1B7 /* ListPlacesViewController.m in Sources */ = {isa = PBXBuildFile; fileRef = EA6D2713269A814900C1B1B7 /* ListPlacesViewController.m */; };
		EA6D2717269A816000C1B1B7 /* DetailPlaceViewController.m in Sources */ = {isa = PBXBuildFile; fileRef = EA6D2716269A816000C1B1B7 /* DetailPlaceViewController.m */; };
		EA6D271A269ACF3600C1B1B7 /* UserCollectionViewCell.m in Sources */ = {isa = PBXBuildFile; fileRef = EA6D2719269ACF3600C1B1B7 /* UserCollectionViewCell.m */; };
		EA712BD12697398C00622E85 /* ListPhotoCollectionViewCell.m in Sources */ = {isa = PBXBuildFile; fileRef = EA712BD02697398C00622E85 /* ListPhotoCollectionViewCell.m */; };
		EA712BD42697EE5E00622E85 /* ContentCollectionReusableView.m in Sources */ = {isa = PBXBuildFile; fileRef = EA712BD32697EE5E00622E85 /* ContentCollectionReusableView.m */; };
		EA712BD72698353900622E85 /* CommentCollectionViewCell.m in Sources */ = {isa = PBXBuildFile; fileRef = EA712BD62698353900622E85 /* CommentCollectionViewCell.m */; };
		EA712BDA2698357600622E85 /* CommentCollectionReusableView.m in Sources */ = {isa = PBXBuildFile; fileRef = EA712BD92698357600622E85 /* CommentCollectionReusableView.m */; };
		EA72F2B426536BCF0084F702 /* AppDelegate.m in Sources */ = {isa = PBXBuildFile; fileRef = EA72F2B326536BCF0084F702 /* AppDelegate.m */; };
		EA72F2B726536BCF0084F702 /* SceneDelegate.m in Sources */ = {isa = PBXBuildFile; fileRef = EA72F2B626536BCF0084F702 /* SceneDelegate.m */; };
		EA72F2BD26536BCF0084F702 /* Main.storyboard in Resources */ = {isa = PBXBuildFile; fileRef = EA72F2BB26536BCF0084F702 /* Main.storyboard */; };
		EA72F2BF26536BD30084F702 /* Assets.xcassets in Resources */ = {isa = PBXBuildFile; fileRef = EA72F2BE26536BD30084F702 /* Assets.xcassets */; };
		EA72F2C226536BD30084F702 /* LaunchScreen.storyboard in Resources */ = {isa = PBXBuildFile; fileRef = EA72F2C026536BD30084F702 /* LaunchScreen.storyboard */; };
		EA72F2C526536BD30084F702 /* main.m in Sources */ = {isa = PBXBuildFile; fileRef = EA72F2C426536BD30084F702 /* main.m */; };
		EA72F2CF26536BD40084F702 /* FoodReviewTests.m in Sources */ = {isa = PBXBuildFile; fileRef = EA72F2CE26536BD40084F702 /* FoodReviewTests.m */; };
		EA72F2DA26536BD40084F702 /* FoodReviewUITests.m in Sources */ = {isa = PBXBuildFile; fileRef = EA72F2D926536BD40084F702 /* FoodReviewUITests.m */; };
		EA72F2F52653FD0E0084F702 /* TabBarController.m in Sources */ = {isa = PBXBuildFile; fileRef = EA72F2F42653FD0E0084F702 /* TabBarController.m */; };
		EA72F2F92653FD490084F702 /* HomeViewController.m in Sources */ = {isa = PBXBuildFile; fileRef = EA72F2F82653FD490084F702 /* HomeViewController.m */; };
		EA72F2FC265400080084F702 /* SearchViewController.m in Sources */ = {isa = PBXBuildFile; fileRef = EA72F2FB265400080084F702 /* SearchViewController.m */; };
		EA72F2FF2654003B0084F702 /* CreateViewController.m in Sources */ = {isa = PBXBuildFile; fileRef = EA72F2FE2654003B0084F702 /* CreateViewController.m */; };
		EA72F3022654005B0084F702 /* UserViewController.m in Sources */ = {isa = PBXBuildFile; fileRef = EA72F3012654005B0084F702 /* UserViewController.m */; };
		EA72F308265404900084F702 /* UIColor+MSCAdditions.m in Sources */ = {isa = PBXBuildFile; fileRef = EA72F307265404900084F702 /* UIColor+MSCAdditions.m */; };
		EA72F30C265418600084F702 /* NotificationViewController.m in Sources */ = {isa = PBXBuildFile; fileRef = EA72F30B265418600084F702 /* NotificationViewController.m */; };
		EA73C90F266A349700FC9FAF /* pizza-monster.png in Resources */ = {isa = PBXBuildFile; fileRef = EA73C90E266A349700FC9FAF /* pizza-monster.png */; };
		EA73C912266B258300FC9FAF /* User.m in Sources */ = {isa = PBXBuildFile; fileRef = EA73C911266B258300FC9FAF /* User.m */; };
		EA73C915266B7C6F00FC9FAF /* LandingViewController.m in Sources */ = {isa = PBXBuildFile; fileRef = EA73C914266B7C6F00FC9FAF /* LandingViewController.m */; };
		EA73C918266B7C8800FC9FAF /* LoginViewController.m in Sources */ = {isa = PBXBuildFile; fileRef = EA73C917266B7C8800FC9FAF /* LoginViewController.m */; };
		EA73C91B266B7CBB00FC9FAF /* SignupViewController.m in Sources */ = {isa = PBXBuildFile; fileRef = EA73C91A266B7CBB00FC9FAF /* SignupViewController.m */; };
		EA73C91F266BE27700FC9FAF /* GoogleService-Info.plist in Resources */ = {isa = PBXBuildFile; fileRef = EA73C91E266BE27700FC9FAF /* GoogleService-Info.plist */; };
		EA73C922266CCA0200FC9FAF /* CustomTextField.m in Sources */ = {isa = PBXBuildFile; fileRef = EA73C921266CCA0200FC9FAF /* CustomTextField.m */; };
		EA7C39F626575F77003D34DA /* BaseCollectionReusableView.m in Sources */ = {isa = PBXBuildFile; fileRef = EA7C39F526575F77003D34DA /* BaseCollectionReusableView.m */; };
		EA7C39FA2657631A003D34DA /* UIFont+Dynamics.m in Sources */ = {isa = PBXBuildFile; fileRef = EA7C39F92657631A003D34DA /* UIFont+Dynamics.m */; };
		EA7C39FD26576671003D34DA /* BaseCollectionCell.m in Sources */ = {isa = PBXBuildFile; fileRef = EA7C39FC26576671003D34DA /* BaseCollectionCell.m */; };
		EA7C3A00265766F7003D34DA /* Common.m in Sources */ = {isa = PBXBuildFile; fileRef = EA7C39FF265766F7003D34DA /* Common.m */; };
		EA7C3A0926576B77003D34DA /* NewDishCollectionViewCell.m in Sources */ = {isa = PBXBuildFile; fileRef = EA7C3A0826576B77003D34DA /* NewDishCollectionViewCell.m */; };
		EA7C3A0C2657964A003D34DA /* EditorsChoiceCollectionViewCell.m in Sources */ = {isa = PBXBuildFile; fileRef = EA7C3A0B2657964A003D34DA /* EditorsChoiceCollectionViewCell.m */; };
		EA7C3A0F265796E2003D34DA /* TrendingCollectionViewCell.m in Sources */ = {isa = PBXBuildFile; fileRef = EA7C3A0E265796E2003D34DA /* TrendingCollectionViewCell.m */; };
		EA7EB42B266DFD2F003AAEAD /* UserInfoViewController.m in Sources */ = {isa = PBXBuildFile; fileRef = EA7EB42A266DFD2F003AAEAD /* UserInfoViewController.m */; };
		EA7EB42D266E3F45003AAEAD /* avatar-default.png in Resources */ = {isa = PBXBuildFile; fileRef = EA7EB42C266E3F45003AAEAD /* avatar-default.png */; };
		EA7EB430266F5F5D003AAEAD /* SearchPlacesViewController.m in Sources */ = {isa = PBXBuildFile; fileRef = EA7EB42F266F5F5D003AAEAD /* SearchPlacesViewController.m */; };
		EA7EB439266F8A51003AAEAD /* Place.m in Sources */ = {isa = PBXBuildFile; fileRef = EA7EB438266F8A51003AAEAD /* Place.m */; };
		EA7EB43C26707A38003AAEAD /* Category.m in Sources */ = {isa = PBXBuildFile; fileRef = EA7EB43B26707A38003AAEAD /* Category.m */; };
		EA7EB43F26707AC0003AAEAD /* Province.m in Sources */ = {isa = PBXBuildFile; fileRef = EA7EB43E26707AC0003AAEAD /* Province.m */; };
		EA7EB44226709D7A003AAEAD /* District.m in Sources */ = {isa = PBXBuildFile; fileRef = EA7EB44126709D7A003AAEAD /* District.m */; };
		EA7EB4482670C421003AAEAD /* PlaceCollectionViewCell.m in Sources */ = {isa = PBXBuildFile; fileRef = EA7EB4472670C421003AAEAD /* PlaceCollectionViewCell.m */; };
		EA7EB44B26720439003AAEAD /* Review.m in Sources */ = {isa = PBXBuildFile; fileRef = EA7EB44A26720438003AAEAD /* Review.m */; };
		EA97E35E26819EF00060665A /* ExternalInterfaces.m in Sources */ = {isa = PBXBuildFile; fileRef = EA97E35D26819EF00060665A /* ExternalInterfaces.m */; };
		EA97E35F26819EF00060665A /* ExternalInterfaces.h in CopyFiles */ = {isa = PBXBuildFile; fileRef = EA97E35C26819EF00060665A /* ExternalInterfaces.h */; };
		EA9CC2F0267B5D46003B599D /* PlaceListInteractorImp.m in Sources */ = {isa = PBXBuildFile; fileRef = EA9CC2EF267B5D46003B599D /* PlaceListInteractorImp.m */; };
		EA9CC2F4267B67D2003B599D /* SearchPlacesPresenter.m in Sources */ = {isa = PBXBuildFile; fileRef = EA9CC2F3267B67D2003B599D /* SearchPlacesPresenter.m */; };
		EA9CC301267C39E1003B599D /* comga.jpg in Resources */ = {isa = PBXBuildFile; fileRef = EA9CC300267C39E0003B599D /* comga.jpg */; };
		EA9CC331267DBBD3003B599D /* DomainEntities.m in Sources */ = {isa = PBXBuildFile; fileRef = EA9CC330267DBBD3003B599D /* DomainEntities.m */; };
		EA9CC334267DBCC1003B599D /* BusinessLogic.m in Sources */ = {isa = PBXBuildFile; fileRef = EA9CC333267DBCC1003B599D /* BusinessLogic.m */; };
		EA9CC337267DBDC1003B599D /* ApplicationLogic.m in Sources */ = {isa = PBXBuildFile; fileRef = EA9CC336267DBDC1003B599D /* ApplicationLogic.m */; };
		EA9CC33A267DBE76003B599D /* ExternalInterfaces.m in Sources */ = {isa = PBXBuildFile; fileRef = EA9CC339267DBE76003B599D /* ExternalInterfaces.m */; };
		EA9CC33E267DBF86003B599D /* FirebaseDatabaseClient.m in Sources */ = {isa = PBXBuildFile; fileRef = EA9CC33D267DBF86003B599D /* FirebaseDatabaseClient.m */; };
		EA9CC348267DFA78003B599D /* TabBarWireFrame.m in Sources */ = {isa = PBXBuildFile; fileRef = EA9CC347267DFA78003B599D /* TabBarWireFrame.m */; };
		EA9CC34E267DFC96003B599D /* CreateReviewInteractorImp.m in Sources */ = {isa = PBXBuildFile; fileRef = EA9CC34D267DFC96003B599D /* CreateReviewInteractorImp.m */; };
		EA9CC351267E0C71003B599D /* AppDataAdapter.m in Sources */ = {isa = PBXBuildFile; fileRef = EA9CC350267E0C71003B599D /* AppDataAdapter.m */; };
		EA9CC354267E0FBE003B599D /* CreateReviewPresenterImp.m in Sources */ = {isa = PBXBuildFile; fileRef = EA9CC353267E0FBE003B599D /* CreateReviewPresenterImp.m */; };
		EA9CC359267E5F66003B599D /* LandingPresenterImp.m in Sources */ = {isa = PBXBuildFile; fileRef = EA9CC358267E5F66003B599D /* LandingPresenterImp.m */; };
		EA9CC35C267E6397003B599D /* LandingInteractorImp.m in Sources */ = {isa = PBXBuildFile; fileRef = EA9CC35B267E6397003B599D /* LandingInteractorImp.m */; };
		EA9CC35F267E6657003B599D /* LoginInteractorImp.m in Sources */ = {isa = PBXBuildFile; fileRef = EA9CC35E267E6657003B599D /* LoginInteractorImp.m */; };
		EA9CC362267ECA9F003B599D /* LoginPresenterImp.m in Sources */ = {isa = PBXBuildFile; fileRef = EA9CC361267ECA9F003B599D /* LoginPresenterImp.m */; };
		EA9CC368267EE0AF003B599D /* CreateReviewView.xib in Resources */ = {isa = PBXBuildFile; fileRef = EA9CC367267EE0AF003B599D /* CreateReviewView.xib */; };
		EA9CC36A267EF295003B599D /* DetailView.xib in Resources */ = {isa = PBXBuildFile; fileRef = EA9CC369267EF295003B599D /* DetailView.xib */; };
		EA9CC36C267EF5EB003B599D /* image.PNG in Resources */ = {isa = PBXBuildFile; fileRef = EA9CC36B267EF5EB003B599D /* image.PNG */; };
		EA9CC36E267EF823003B599D /* quan.PNG in Resources */ = {isa = PBXBuildFile; fileRef = EA9CC36D267EF822003B599D /* quan.PNG */; };
/* End PBXBuildFile section */

/* Begin PBXContainerItemProxy section */
		EA72F2CB26536BD40084F702 /* PBXContainerItemProxy */ = {
			isa = PBXContainerItemProxy;
			containerPortal = EA72F2A726536BCF0084F702 /* Project object */;
			proxyType = 1;
			remoteGlobalIDString = EA72F2AE26536BCF0084F702;
			remoteInfo = FoodReview;
		};
		EA72F2D626536BD40084F702 /* PBXContainerItemProxy */ = {
			isa = PBXContainerItemProxy;
			containerPortal = EA72F2A726536BCF0084F702 /* Project object */;
			proxyType = 1;
			remoteGlobalIDString = EA72F2AE26536BCF0084F702;
			remoteInfo = FoodReview;
		};
/* End PBXContainerItemProxy section */

/* Begin PBXCopyFilesBuildPhase section */
		EA97E35826819EF00060665A /* CopyFiles */ = {
			isa = PBXCopyFilesBuildPhase;
			buildActionMask = 2147483647;
			dstPath = "include/$(PRODUCT_NAME)";
			dstSubfolderSpec = 16;
			files = (
				EA97E35F26819EF00060665A /* ExternalInterfaces.h in CopyFiles */,
			);
			runOnlyForDeploymentPostprocessing = 0;
		};
/* End PBXCopyFilesBuildPhase section */

/* Begin PBXFileReference section */
		39F3EF3B090EBCA410DA26D5 /* libPods-FoodReview.a */ = {isa = PBXFileReference; explicitFileType = archive.ar; includeInIndex = 0; path = "libPods-FoodReview.a"; sourceTree = BUILT_PRODUCTS_DIR; };
		4ABCF9C55A09AFA583712AB4 /* Pods-FoodReview.debug.xcconfig */ = {isa = PBXFileReference; includeInIndex = 1; lastKnownFileType = text.xcconfig; name = "Pods-FoodReview.debug.xcconfig"; path = "Target Support Files/Pods-FoodReview/Pods-FoodReview.debug.xcconfig"; sourceTree = "<group>"; };
		5F17C55D50DE8D02FD702696 /* Pods-FoodReview.release.xcconfig */ = {isa = PBXFileReference; includeInIndex = 1; lastKnownFileType = text.xcconfig; name = "Pods-FoodReview.release.xcconfig"; path = "Target Support Files/Pods-FoodReview/Pods-FoodReview.release.xcconfig"; sourceTree = "<group>"; };
		67113FFC8D829523307D97CF /* libPods-FoodReviewTests.a */ = {isa = PBXFileReference; explicitFileType = archive.ar; includeInIndex = 0; path = "libPods-FoodReviewTests.a"; sourceTree = BUILT_PRODUCTS_DIR; };
		81BEE5F64CDAA920D31A424D /* Pods-FoodReviewTests.debug.xcconfig */ = {isa = PBXFileReference; includeInIndex = 1; lastKnownFileType = text.xcconfig; name = "Pods-FoodReviewTests.debug.xcconfig"; path = "Target Support Files/Pods-FoodReviewTests/Pods-FoodReviewTests.debug.xcconfig"; sourceTree = "<group>"; };
		B7F44B1120812E075F84022C /* Pods-FoodReviewTests.release.xcconfig */ = {isa = PBXFileReference; includeInIndex = 1; lastKnownFileType = text.xcconfig; name = "Pods-FoodReviewTests.release.xcconfig"; path = "Target Support Files/Pods-FoodReviewTests/Pods-FoodReviewTests.release.xcconfig"; sourceTree = "<group>"; };
		EA60D0BD268AC30D006AAECC /* HomePresenterImp.h */ = {isa = PBXFileReference; lastKnownFileType = sourcecode.c.h; path = HomePresenterImp.h; sourceTree = "<group>"; };
		EA60D0BE268AC30D006AAECC /* HomePresenterImp.m */ = {isa = PBXFileReference; lastKnownFileType = sourcecode.c.objc; path = HomePresenterImp.m; sourceTree = "<group>"; };
		EA60D0C0268AC792006AAECC /* HomeInteractorImp.h */ = {isa = PBXFileReference; lastKnownFileType = sourcecode.c.h; path = HomeInteractorImp.h; sourceTree = "<group>"; };
		EA60D0C1268AC792006AAECC /* HomeInteractorImp.m */ = {isa = PBXFileReference; lastKnownFileType = sourcecode.c.objc; path = HomeInteractorImp.m; sourceTree = "<group>"; };
		EA60D0C3268B1B8C006AAECC /* PhotoCollectionViewCell.h */ = {isa = PBXFileReference; lastKnownFileType = sourcecode.c.h; path = PhotoCollectionViewCell.h; sourceTree = "<group>"; };
		EA60D0C4268B1B8C006AAECC /* PhotoCollectionViewCell.m */ = {isa = PBXFileReference; lastKnownFileType = sourcecode.c.objc; path = PhotoCollectionViewCell.m; sourceTree = "<group>"; };
		EA60D0C6268C042D006AAECC /* RatingView.h */ = {isa = PBXFileReference; lastKnownFileType = sourcecode.c.h; path = RatingView.h; sourceTree = "<group>"; };
		EA60D0C7268C042D006AAECC /* RatingView.m */ = {isa = PBXFileReference; lastKnownFileType = sourcecode.c.objc; path = RatingView.m; sourceTree = "<group>"; };
		EA60D0C9268C1ED7006AAECC /* Rating.h */ = {isa = PBXFileReference; lastKnownFileType = sourcecode.c.h; path = Rating.h; sourceTree = "<group>"; };
		EA60D0CA268C1ED7006AAECC /* Rating.m */ = {isa = PBXFileReference; lastKnownFileType = sourcecode.c.objc; path = Rating.m; sourceTree = "<group>"; };
		EA60D0CC268C1EFA006AAECC /* Reaction.h */ = {isa = PBXFileReference; lastKnownFileType = sourcecode.c.h; path = Reaction.h; sourceTree = "<group>"; };
		EA60D0CD268C1EFA006AAECC /* Reaction.m */ = {isa = PBXFileReference; lastKnownFileType = sourcecode.c.objc; path = Reaction.m; sourceTree = "<group>"; };
		EA60D0CF268C1F03006AAECC /* Comment.h */ = {isa = PBXFileReference; lastKnownFileType = sourcecode.c.h; path = Comment.h; sourceTree = "<group>"; };
		EA60D0D0268C1F03006AAECC /* Comment.m */ = {isa = PBXFileReference; lastKnownFileType = sourcecode.c.objc; path = Comment.m; sourceTree = "<group>"; };
		EA60D0D2268C1F36006AAECC /* Relationship.h */ = {isa = PBXFileReference; lastKnownFileType = sourcecode.c.h; path = Relationship.h; sourceTree = "<group>"; };
		EA60D0D3268C1F36006AAECC /* Relationship.m */ = {isa = PBXFileReference; lastKnownFileType = sourcecode.c.objc; path = Relationship.m; sourceTree = "<group>"; };
		EA60D0D5268C1F52006AAECC /* Experience.h */ = {isa = PBXFileReference; lastKnownFileType = sourcecode.c.h; path = Experience.h; sourceTree = "<group>"; };
		EA60D0D6268C1F52006AAECC /* Experience.m */ = {isa = PBXFileReference; lastKnownFileType = sourcecode.c.objc; path = Experience.m; sourceTree = "<group>"; };
		EA60D0D8268C94CC006AAECC /* DetailReviewViewController.h */ = {isa = PBXFileReference; lastKnownFileType = sourcecode.c.h; path = DetailReviewViewController.h; sourceTree = "<group>"; };
		EA60D0D9268C94CC006AAECC /* DetailReviewViewController.m */ = {isa = PBXFileReference; lastKnownFileType = sourcecode.c.objc; path = DetailReviewViewController.m; sourceTree = "<group>"; };
		EA60D0DB268D73F5006AAECC /* UserTableHeaderView.h */ = {isa = PBXFileReference; lastKnownFileType = sourcecode.c.h; path = UserTableHeaderView.h; sourceTree = "<group>"; };
		EA60D0DC268D73F5006AAECC /* UserTableHeaderView.m */ = {isa = PBXFileReference; lastKnownFileType = sourcecode.c.objc; path = UserTableHeaderView.m; sourceTree = "<group>"; };
		EA66AFBF265A4E380090AA99 /* PostCollectionViewCell.h */ = {isa = PBXFileReference; lastKnownFileType = sourcecode.c.h; path = PostCollectionViewCell.h; sourceTree = "<group>"; };
		EA66AFC0265A4E380090AA99 /* PostCollectionViewCell.m */ = {isa = PBXFileReference; lastKnownFileType = sourcecode.c.objc; path = PostCollectionViewCell.m; sourceTree = "<group>"; };
		EA681B4D2658FED10021B301 /* PagingViewTableHeaderView.h */ = {isa = PBXFileReference; lastKnownFileType = sourcecode.c.h; path = PagingViewTableHeaderView.h; sourceTree = "<group>"; };
		EA681B4E2658FED10021B301 /* PagingViewTableHeaderView.m */ = {isa = PBXFileReference; lastKnownFileType = sourcecode.c.objc; path = PagingViewTableHeaderView.m; sourceTree = "<group>"; };
		EA681B50265903A20021B301 /* AllPostsViewController.h */ = {isa = PBXFileReference; lastKnownFileType = sourcecode.c.h; path = AllPostsViewController.h; sourceTree = "<group>"; };
		EA681B51265903A20021B301 /* AllPostsViewController.m */ = {isa = PBXFileReference; lastKnownFileType = sourcecode.c.objc; path = AllPostsViewController.m; sourceTree = "<group>"; };
		EA6D2703269A802700C1B1B7 /* PlaceResultViewController.h */ = {isa = PBXFileReference; lastKnownFileType = sourcecode.c.h; path = PlaceResultViewController.h; sourceTree = "<group>"; };
		EA6D2704269A802700C1B1B7 /* PlaceResultViewController.m */ = {isa = PBXFileReference; lastKnownFileType = sourcecode.c.objc; path = PlaceResultViewController.m; sourceTree = "<group>"; };
		EA6D2706269A803F00C1B1B7 /* ReviewResultViewController.h */ = {isa = PBXFileReference; lastKnownFileType = sourcecode.c.h; path = ReviewResultViewController.h; sourceTree = "<group>"; };
		EA6D2707269A803F00C1B1B7 /* ReviewResultViewController.m */ = {isa = PBXFileReference; lastKnownFileType = sourcecode.c.objc; path = ReviewResultViewController.m; sourceTree = "<group>"; };
		EA6D2709269A806400C1B1B7 /* HashtagResultViewController.h */ = {isa = PBXFileReference; lastKnownFileType = sourcecode.c.h; path = HashtagResultViewController.h; sourceTree = "<group>"; };
		EA6D270A269A806400C1B1B7 /* HashtagResultViewController.m */ = {isa = PBXFileReference; lastKnownFileType = sourcecode.c.objc; path = HashtagResultViewController.m; sourceTree = "<group>"; };
		EA6D270C269A808000C1B1B7 /* UserResultViewController.h */ = {isa = PBXFileReference; lastKnownFileType = sourcecode.c.h; path = UserResultViewController.h; sourceTree = "<group>"; };
		EA6D270D269A808000C1B1B7 /* UserResultViewController.m */ = {isa = PBXFileReference; lastKnownFileType = sourcecode.c.objc; path = UserResultViewController.m; sourceTree = "<group>"; };
		EA6D270F269A80B700C1B1B7 /* DetailUserViewController.h */ = {isa = PBXFileReference; lastKnownFileType = sourcecode.c.h; path = DetailUserViewController.h; sourceTree = "<group>"; };
		EA6D2710269A80B700C1B1B7 /* DetailUserViewController.m */ = {isa = PBXFileReference; lastKnownFileType = sourcecode.c.objc; path = DetailUserViewController.m; sourceTree = "<group>"; };
		EA6D2712269A814900C1B1B7 /* ListPlacesViewController.h */ = {isa = PBXFileReference; lastKnownFileType = sourcecode.c.h; path = ListPlacesViewController.h; sourceTree = "<group>"; };
		EA6D2713269A814900C1B1B7 /* ListPlacesViewController.m */ = {isa = PBXFileReference; lastKnownFileType = sourcecode.c.objc; path = ListPlacesViewController.m; sourceTree = "<group>"; };
		EA6D2715269A816000C1B1B7 /* DetailPlaceViewController.h */ = {isa = PBXFileReference; lastKnownFileType = sourcecode.c.h; path = DetailPlaceViewController.h; sourceTree = "<group>"; };
		EA6D2716269A816000C1B1B7 /* DetailPlaceViewController.m */ = {isa = PBXFileReference; lastKnownFileType = sourcecode.c.objc; path = DetailPlaceViewController.m; sourceTree = "<group>"; };
		EA6D2718269ACF3600C1B1B7 /* UserCollectionViewCell.h */ = {isa = PBXFileReference; lastKnownFileType = sourcecode.c.h; path = UserCollectionViewCell.h; sourceTree = "<group>"; };
		EA6D2719269ACF3600C1B1B7 /* UserCollectionViewCell.m */ = {isa = PBXFileReference; lastKnownFileType = sourcecode.c.objc; path = UserCollectionViewCell.m; sourceTree = "<group>"; };
		EA712BCF2697398C00622E85 /* ListPhotoCollectionViewCell.h */ = {isa = PBXFileReference; lastKnownFileType = sourcecode.c.h; path = ListPhotoCollectionViewCell.h; sourceTree = "<group>"; };
		EA712BD02697398C00622E85 /* ListPhotoCollectionViewCell.m */ = {isa = PBXFileReference; lastKnownFileType = sourcecode.c.objc; path = ListPhotoCollectionViewCell.m; sourceTree = "<group>"; };
		EA712BD22697EE5E00622E85 /* ContentCollectionReusableView.h */ = {isa = PBXFileReference; lastKnownFileType = sourcecode.c.h; path = ContentCollectionReusableView.h; sourceTree = "<group>"; };
		EA712BD32697EE5E00622E85 /* ContentCollectionReusableView.m */ = {isa = PBXFileReference; lastKnownFileType = sourcecode.c.objc; path = ContentCollectionReusableView.m; sourceTree = "<group>"; };
		EA712BD52698353900622E85 /* CommentCollectionViewCell.h */ = {isa = PBXFileReference; lastKnownFileType = sourcecode.c.h; path = CommentCollectionViewCell.h; sourceTree = "<group>"; };
		EA712BD62698353900622E85 /* CommentCollectionViewCell.m */ = {isa = PBXFileReference; lastKnownFileType = sourcecode.c.objc; path = CommentCollectionViewCell.m; sourceTree = "<group>"; };
		EA712BD82698357600622E85 /* CommentCollectionReusableView.h */ = {isa = PBXFileReference; lastKnownFileType = sourcecode.c.h; path = CommentCollectionReusableView.h; sourceTree = "<group>"; };
		EA712BD92698357600622E85 /* CommentCollectionReusableView.m */ = {isa = PBXFileReference; lastKnownFileType = sourcecode.c.objc; path = CommentCollectionReusableView.m; sourceTree = "<group>"; };
		EA72F2AF26536BCF0084F702 /* FoodReview.app */ = {isa = PBXFileReference; explicitFileType = wrapper.application; includeInIndex = 0; path = FoodReview.app; sourceTree = BUILT_PRODUCTS_DIR; };
		EA72F2B226536BCF0084F702 /* AppDelegate.h */ = {isa = PBXFileReference; lastKnownFileType = sourcecode.c.h; path = AppDelegate.h; sourceTree = "<group>"; };
		EA72F2B326536BCF0084F702 /* AppDelegate.m */ = {isa = PBXFileReference; lastKnownFileType = sourcecode.c.objc; path = AppDelegate.m; sourceTree = "<group>"; };
		EA72F2B526536BCF0084F702 /* SceneDelegate.h */ = {isa = PBXFileReference; lastKnownFileType = sourcecode.c.h; path = SceneDelegate.h; sourceTree = "<group>"; };
		EA72F2B626536BCF0084F702 /* SceneDelegate.m */ = {isa = PBXFileReference; lastKnownFileType = sourcecode.c.objc; path = SceneDelegate.m; sourceTree = "<group>"; };
		EA72F2BC26536BCF0084F702 /* Base */ = {isa = PBXFileReference; lastKnownFileType = file.storyboard; name = Base; path = Base.lproj/Main.storyboard; sourceTree = "<group>"; };
		EA72F2BE26536BD30084F702 /* Assets.xcassets */ = {isa = PBXFileReference; lastKnownFileType = folder.assetcatalog; path = Assets.xcassets; sourceTree = "<group>"; };
		EA72F2C126536BD30084F702 /* Base */ = {isa = PBXFileReference; lastKnownFileType = file.storyboard; name = Base; path = Base.lproj/LaunchScreen.storyboard; sourceTree = "<group>"; };
		EA72F2C326536BD30084F702 /* Info.plist */ = {isa = PBXFileReference; lastKnownFileType = text.plist.xml; path = Info.plist; sourceTree = "<group>"; };
		EA72F2C426536BD30084F702 /* main.m */ = {isa = PBXFileReference; lastKnownFileType = sourcecode.c.objc; path = main.m; sourceTree = "<group>"; };
		EA72F2CA26536BD40084F702 /* FoodReviewTests.xctest */ = {isa = PBXFileReference; explicitFileType = wrapper.cfbundle; includeInIndex = 0; path = FoodReviewTests.xctest; sourceTree = BUILT_PRODUCTS_DIR; };
		EA72F2CE26536BD40084F702 /* FoodReviewTests.m */ = {isa = PBXFileReference; lastKnownFileType = sourcecode.c.objc; path = FoodReviewTests.m; sourceTree = "<group>"; };
		EA72F2D026536BD40084F702 /* Info.plist */ = {isa = PBXFileReference; lastKnownFileType = text.plist.xml; path = Info.plist; sourceTree = "<group>"; };
		EA72F2D526536BD40084F702 /* FoodReviewUITests.xctest */ = {isa = PBXFileReference; explicitFileType = wrapper.cfbundle; includeInIndex = 0; path = FoodReviewUITests.xctest; sourceTree = BUILT_PRODUCTS_DIR; };
		EA72F2D926536BD40084F702 /* FoodReviewUITests.m */ = {isa = PBXFileReference; lastKnownFileType = sourcecode.c.objc; path = FoodReviewUITests.m; sourceTree = "<group>"; };
		EA72F2DB26536BD40084F702 /* Info.plist */ = {isa = PBXFileReference; lastKnownFileType = text.plist.xml; path = Info.plist; sourceTree = "<group>"; };
		EA72F2F32653FD0E0084F702 /* TabBarController.h */ = {isa = PBXFileReference; lastKnownFileType = sourcecode.c.h; path = TabBarController.h; sourceTree = "<group>"; };
		EA72F2F42653FD0E0084F702 /* TabBarController.m */ = {isa = PBXFileReference; lastKnownFileType = sourcecode.c.objc; path = TabBarController.m; sourceTree = "<group>"; };
		EA72F2F72653FD490084F702 /* HomeViewController.h */ = {isa = PBXFileReference; lastKnownFileType = sourcecode.c.h; path = HomeViewController.h; sourceTree = "<group>"; };
		EA72F2F82653FD490084F702 /* HomeViewController.m */ = {isa = PBXFileReference; lastKnownFileType = sourcecode.c.objc; path = HomeViewController.m; sourceTree = "<group>"; };
		EA72F2FA265400080084F702 /* SearchViewController.h */ = {isa = PBXFileReference; lastKnownFileType = sourcecode.c.h; path = SearchViewController.h; sourceTree = "<group>"; };
		EA72F2FB265400080084F702 /* SearchViewController.m */ = {isa = PBXFileReference; lastKnownFileType = sourcecode.c.objc; path = SearchViewController.m; sourceTree = "<group>"; };
		EA72F2FD2654003B0084F702 /* CreateViewController.h */ = {isa = PBXFileReference; lastKnownFileType = sourcecode.c.h; path = CreateViewController.h; sourceTree = "<group>"; };
		EA72F2FE2654003B0084F702 /* CreateViewController.m */ = {isa = PBXFileReference; lastKnownFileType = sourcecode.c.objc; path = CreateViewController.m; sourceTree = "<group>"; };
		EA72F3002654005B0084F702 /* UserViewController.h */ = {isa = PBXFileReference; lastKnownFileType = sourcecode.c.h; path = UserViewController.h; sourceTree = "<group>"; };
		EA72F3012654005B0084F702 /* UserViewController.m */ = {isa = PBXFileReference; lastKnownFileType = sourcecode.c.objc; path = UserViewController.m; sourceTree = "<group>"; };
		EA72F306265404900084F702 /* UIColor+MSCAdditions.h */ = {isa = PBXFileReference; lastKnownFileType = sourcecode.c.h; path = "UIColor+MSCAdditions.h"; sourceTree = "<group>"; };
		EA72F307265404900084F702 /* UIColor+MSCAdditions.m */ = {isa = PBXFileReference; lastKnownFileType = sourcecode.c.objc; path = "UIColor+MSCAdditions.m"; sourceTree = "<group>"; };
		EA72F309265405780084F702 /* FoodReview-PrefixHeader.pch */ = {isa = PBXFileReference; lastKnownFileType = sourcecode.c.h; path = "FoodReview-PrefixHeader.pch"; sourceTree = "<group>"; };
		EA72F30A265418600084F702 /* NotificationViewController.h */ = {isa = PBXFileReference; lastKnownFileType = sourcecode.c.h; path = NotificationViewController.h; sourceTree = "<group>"; };
		EA72F30B265418600084F702 /* NotificationViewController.m */ = {isa = PBXFileReference; lastKnownFileType = sourcecode.c.objc; path = NotificationViewController.m; sourceTree = "<group>"; };
		EA73C90E266A349700FC9FAF /* pizza-monster.png */ = {isa = PBXFileReference; lastKnownFileType = image.png; path = "pizza-monster.png"; sourceTree = "<group>"; };
		EA73C910266B258300FC9FAF /* User.h */ = {isa = PBXFileReference; lastKnownFileType = sourcecode.c.h; path = User.h; sourceTree = "<group>"; };
		EA73C911266B258300FC9FAF /* User.m */ = {isa = PBXFileReference; lastKnownFileType = sourcecode.c.objc; path = User.m; sourceTree = "<group>"; };
		EA73C913266B7C6F00FC9FAF /* LandingViewController.h */ = {isa = PBXFileReference; lastKnownFileType = sourcecode.c.h; path = LandingViewController.h; sourceTree = "<group>"; };
		EA73C914266B7C6F00FC9FAF /* LandingViewController.m */ = {isa = PBXFileReference; lastKnownFileType = sourcecode.c.objc; path = LandingViewController.m; sourceTree = "<group>"; };
		EA73C916266B7C8800FC9FAF /* LoginViewController.h */ = {isa = PBXFileReference; lastKnownFileType = sourcecode.c.h; path = LoginViewController.h; sourceTree = "<group>"; };
		EA73C917266B7C8800FC9FAF /* LoginViewController.m */ = {isa = PBXFileReference; lastKnownFileType = sourcecode.c.objc; path = LoginViewController.m; sourceTree = "<group>"; };
		EA73C919266B7CBB00FC9FAF /* SignupViewController.h */ = {isa = PBXFileReference; lastKnownFileType = sourcecode.c.h; path = SignupViewController.h; sourceTree = "<group>"; };
		EA73C91A266B7CBB00FC9FAF /* SignupViewController.m */ = {isa = PBXFileReference; lastKnownFileType = sourcecode.c.objc; path = SignupViewController.m; sourceTree = "<group>"; };
		EA73C91E266BE27700FC9FAF /* GoogleService-Info.plist */ = {isa = PBXFileReference; fileEncoding = 4; lastKnownFileType = text.plist.xml; path = "GoogleService-Info.plist"; sourceTree = "<group>"; };
		EA73C920266CCA0200FC9FAF /* CustomTextField.h */ = {isa = PBXFileReference; lastKnownFileType = sourcecode.c.h; path = CustomTextField.h; sourceTree = "<group>"; };
		EA73C921266CCA0200FC9FAF /* CustomTextField.m */ = {isa = PBXFileReference; lastKnownFileType = sourcecode.c.objc; path = CustomTextField.m; sourceTree = "<group>"; };
		EA7C39F426575F77003D34DA /* BaseCollectionReusableView.h */ = {isa = PBXFileReference; lastKnownFileType = sourcecode.c.h; path = BaseCollectionReusableView.h; sourceTree = "<group>"; };
		EA7C39F526575F77003D34DA /* BaseCollectionReusableView.m */ = {isa = PBXFileReference; lastKnownFileType = sourcecode.c.objc; path = BaseCollectionReusableView.m; sourceTree = "<group>"; };
		EA7C39F726576058003D34DA /* Defines.h */ = {isa = PBXFileReference; lastKnownFileType = sourcecode.c.h; path = Defines.h; sourceTree = "<group>"; };
		EA7C39F82657631A003D34DA /* UIFont+Dynamics.h */ = {isa = PBXFileReference; lastKnownFileType = sourcecode.c.h; path = "UIFont+Dynamics.h"; sourceTree = "<group>"; };
		EA7C39F92657631A003D34DA /* UIFont+Dynamics.m */ = {isa = PBXFileReference; lastKnownFileType = sourcecode.c.objc; path = "UIFont+Dynamics.m"; sourceTree = "<group>"; };
		EA7C39FB26576671003D34DA /* BaseCollectionCell.h */ = {isa = PBXFileReference; lastKnownFileType = sourcecode.c.h; path = BaseCollectionCell.h; sourceTree = "<group>"; };
		EA7C39FC26576671003D34DA /* BaseCollectionCell.m */ = {isa = PBXFileReference; lastKnownFileType = sourcecode.c.objc; path = BaseCollectionCell.m; sourceTree = "<group>"; };
		EA7C39FE265766F7003D34DA /* Common.h */ = {isa = PBXFileReference; lastKnownFileType = sourcecode.c.h; path = Common.h; sourceTree = "<group>"; };
		EA7C39FF265766F7003D34DA /* Common.m */ = {isa = PBXFileReference; lastKnownFileType = sourcecode.c.objc; path = Common.m; sourceTree = "<group>"; };
		EA7C3A0726576B77003D34DA /* NewDishCollectionViewCell.h */ = {isa = PBXFileReference; lastKnownFileType = sourcecode.c.h; path = NewDishCollectionViewCell.h; sourceTree = "<group>"; };
		EA7C3A0826576B77003D34DA /* NewDishCollectionViewCell.m */ = {isa = PBXFileReference; lastKnownFileType = sourcecode.c.objc; path = NewDishCollectionViewCell.m; sourceTree = "<group>"; };
		EA7C3A0A2657964A003D34DA /* EditorsChoiceCollectionViewCell.h */ = {isa = PBXFileReference; lastKnownFileType = sourcecode.c.h; path = EditorsChoiceCollectionViewCell.h; sourceTree = "<group>"; };
		EA7C3A0B2657964A003D34DA /* EditorsChoiceCollectionViewCell.m */ = {isa = PBXFileReference; lastKnownFileType = sourcecode.c.objc; path = EditorsChoiceCollectionViewCell.m; sourceTree = "<group>"; };
		EA7C3A0D265796E2003D34DA /* TrendingCollectionViewCell.h */ = {isa = PBXFileReference; lastKnownFileType = sourcecode.c.h; path = TrendingCollectionViewCell.h; sourceTree = "<group>"; };
		EA7C3A0E265796E2003D34DA /* TrendingCollectionViewCell.m */ = {isa = PBXFileReference; lastKnownFileType = sourcecode.c.objc; path = TrendingCollectionViewCell.m; sourceTree = "<group>"; };
		EA7EB429266DFD2F003AAEAD /* UserInfoViewController.h */ = {isa = PBXFileReference; lastKnownFileType = sourcecode.c.h; path = UserInfoViewController.h; sourceTree = "<group>"; };
		EA7EB42A266DFD2F003AAEAD /* UserInfoViewController.m */ = {isa = PBXFileReference; lastKnownFileType = sourcecode.c.objc; path = UserInfoViewController.m; sourceTree = "<group>"; };
		EA7EB42C266E3F45003AAEAD /* avatar-default.png */ = {isa = PBXFileReference; lastKnownFileType = image.png; path = "avatar-default.png"; sourceTree = "<group>"; };
		EA7EB42E266F5F5D003AAEAD /* SearchPlacesViewController.h */ = {isa = PBXFileReference; lastKnownFileType = sourcecode.c.h; path = SearchPlacesViewController.h; sourceTree = "<group>"; };
		EA7EB42F266F5F5D003AAEAD /* SearchPlacesViewController.m */ = {isa = PBXFileReference; lastKnownFileType = sourcecode.c.objc; path = SearchPlacesViewController.m; sourceTree = "<group>"; };
		EA7EB437266F8A51003AAEAD /* Place.h */ = {isa = PBXFileReference; lastKnownFileType = sourcecode.c.h; path = Place.h; sourceTree = "<group>"; };
		EA7EB438266F8A51003AAEAD /* Place.m */ = {isa = PBXFileReference; lastKnownFileType = sourcecode.c.objc; path = Place.m; sourceTree = "<group>"; };
		EA7EB43A26707A38003AAEAD /* Category.h */ = {isa = PBXFileReference; lastKnownFileType = sourcecode.c.h; path = Category.h; sourceTree = "<group>"; };
		EA7EB43B26707A38003AAEAD /* Category.m */ = {isa = PBXFileReference; lastKnownFileType = sourcecode.c.objc; path = Category.m; sourceTree = "<group>"; };
		EA7EB43D26707AC0003AAEAD /* Province.h */ = {isa = PBXFileReference; lastKnownFileType = sourcecode.c.h; path = Province.h; sourceTree = "<group>"; };
		EA7EB43E26707AC0003AAEAD /* Province.m */ = {isa = PBXFileReference; lastKnownFileType = sourcecode.c.objc; path = Province.m; sourceTree = "<group>"; };
		EA7EB44026709D7A003AAEAD /* District.h */ = {isa = PBXFileReference; lastKnownFileType = sourcecode.c.h; path = District.h; sourceTree = "<group>"; };
		EA7EB44126709D7A003AAEAD /* District.m */ = {isa = PBXFileReference; lastKnownFileType = sourcecode.c.objc; path = District.m; sourceTree = "<group>"; };
		EA7EB4462670C421003AAEAD /* PlaceCollectionViewCell.h */ = {isa = PBXFileReference; lastKnownFileType = sourcecode.c.h; path = PlaceCollectionViewCell.h; sourceTree = "<group>"; };
		EA7EB4472670C421003AAEAD /* PlaceCollectionViewCell.m */ = {isa = PBXFileReference; lastKnownFileType = sourcecode.c.objc; path = PlaceCollectionViewCell.m; sourceTree = "<group>"; };
		EA7EB44926720438003AAEAD /* Review.h */ = {isa = PBXFileReference; lastKnownFileType = sourcecode.c.h; path = Review.h; sourceTree = "<group>"; };
		EA7EB44A26720438003AAEAD /* Review.m */ = {isa = PBXFileReference; lastKnownFileType = sourcecode.c.objc; path = Review.m; sourceTree = "<group>"; };
		EA97E35A26819EF00060665A /* libExternalInterfaces.a */ = {isa = PBXFileReference; explicitFileType = archive.ar; includeInIndex = 0; path = libExternalInterfaces.a; sourceTree = BUILT_PRODUCTS_DIR; };
		EA97E35C26819EF00060665A /* ExternalInterfaces.h */ = {isa = PBXFileReference; lastKnownFileType = sourcecode.c.h; path = ExternalInterfaces.h; sourceTree = "<group>"; };
		EA97E35D26819EF00060665A /* ExternalInterfaces.m */ = {isa = PBXFileReference; lastKnownFileType = sourcecode.c.objc; path = ExternalInterfaces.m; sourceTree = "<group>"; };
		EA9CC2EE267B5D46003B599D /* PlaceListInteractorImp.h */ = {isa = PBXFileReference; lastKnownFileType = sourcecode.c.h; path = PlaceListInteractorImp.h; sourceTree = "<group>"; };
		EA9CC2EF267B5D46003B599D /* PlaceListInteractorImp.m */ = {isa = PBXFileReference; lastKnownFileType = sourcecode.c.objc; path = PlaceListInteractorImp.m; sourceTree = "<group>"; };
		EA9CC2F2267B67D2003B599D /* SearchPlacesPresenter.h */ = {isa = PBXFileReference; lastKnownFileType = sourcecode.c.h; path = SearchPlacesPresenter.h; sourceTree = "<group>"; };
		EA9CC2F3267B67D2003B599D /* SearchPlacesPresenter.m */ = {isa = PBXFileReference; lastKnownFileType = sourcecode.c.objc; path = SearchPlacesPresenter.m; sourceTree = "<group>"; };
		EA9CC2F5267B6952003B599D /* SearchPlacesColectionViewProtocol.h */ = {isa = PBXFileReference; lastKnownFileType = sourcecode.c.h; path = SearchPlacesColectionViewProtocol.h; sourceTree = "<group>"; };
		EA9CC300267C39E0003B599D /* comga.jpg */ = {isa = PBXFileReference; lastKnownFileType = image.jpeg; path = comga.jpg; sourceTree = "<group>"; };
		EA9CC32F267DBBD3003B599D /* DomainEntities.h */ = {isa = PBXFileReference; lastKnownFileType = sourcecode.c.h; path = DomainEntities.h; sourceTree = "<group>"; };
		EA9CC330267DBBD3003B599D /* DomainEntities.m */ = {isa = PBXFileReference; lastKnownFileType = sourcecode.c.objc; path = DomainEntities.m; sourceTree = "<group>"; };
		EA9CC332267DBCC1003B599D /* BusinessLogic.h */ = {isa = PBXFileReference; lastKnownFileType = sourcecode.c.h; path = BusinessLogic.h; sourceTree = "<group>"; };
		EA9CC333267DBCC1003B599D /* BusinessLogic.m */ = {isa = PBXFileReference; lastKnownFileType = sourcecode.c.objc; path = BusinessLogic.m; sourceTree = "<group>"; };
		EA9CC335267DBDC1003B599D /* ApplicationLogic.h */ = {isa = PBXFileReference; lastKnownFileType = sourcecode.c.h; path = ApplicationLogic.h; sourceTree = "<group>"; };
		EA9CC336267DBDC1003B599D /* ApplicationLogic.m */ = {isa = PBXFileReference; lastKnownFileType = sourcecode.c.objc; path = ApplicationLogic.m; sourceTree = "<group>"; };
		EA9CC338267DBE76003B599D /* ExternalInterfaces.h */ = {isa = PBXFileReference; lastKnownFileType = sourcecode.c.h; path = ExternalInterfaces.h; sourceTree = "<group>"; };
		EA9CC339267DBE76003B599D /* ExternalInterfaces.m */ = {isa = PBXFileReference; lastKnownFileType = sourcecode.c.objc; path = ExternalInterfaces.m; sourceTree = "<group>"; };
		EA9CC33C267DBF86003B599D /* FirebaseDatabaseClient.h */ = {isa = PBXFileReference; lastKnownFileType = sourcecode.c.h; path = FirebaseDatabaseClient.h; sourceTree = "<group>"; };
		EA9CC33D267DBF86003B599D /* FirebaseDatabaseClient.m */ = {isa = PBXFileReference; lastKnownFileType = sourcecode.c.objc; path = FirebaseDatabaseClient.m; sourceTree = "<group>"; };
		EA9CC346267DFA78003B599D /* TabBarWireFrame.h */ = {isa = PBXFileReference; lastKnownFileType = sourcecode.c.h; path = TabBarWireFrame.h; sourceTree = "<group>"; };
		EA9CC347267DFA78003B599D /* TabBarWireFrame.m */ = {isa = PBXFileReference; lastKnownFileType = sourcecode.c.objc; path = TabBarWireFrame.m; sourceTree = "<group>"; };
		EA9CC34C267DFC96003B599D /* CreateReviewInteractorImp.h */ = {isa = PBXFileReference; lastKnownFileType = sourcecode.c.h; path = CreateReviewInteractorImp.h; sourceTree = "<group>"; };
		EA9CC34D267DFC96003B599D /* CreateReviewInteractorImp.m */ = {isa = PBXFileReference; lastKnownFileType = sourcecode.c.objc; path = CreateReviewInteractorImp.m; sourceTree = "<group>"; };
		EA9CC34F267E0C71003B599D /* AppDataAdapter.h */ = {isa = PBXFileReference; lastKnownFileType = sourcecode.c.h; path = AppDataAdapter.h; sourceTree = "<group>"; };
		EA9CC350267E0C71003B599D /* AppDataAdapter.m */ = {isa = PBXFileReference; lastKnownFileType = sourcecode.c.objc; path = AppDataAdapter.m; sourceTree = "<group>"; };
		EA9CC352267E0FBE003B599D /* CreateReviewPresenterImp.h */ = {isa = PBXFileReference; lastKnownFileType = sourcecode.c.h; path = CreateReviewPresenterImp.h; sourceTree = "<group>"; };
		EA9CC353267E0FBE003B599D /* CreateReviewPresenterImp.m */ = {isa = PBXFileReference; lastKnownFileType = sourcecode.c.objc; path = CreateReviewPresenterImp.m; sourceTree = "<group>"; };
		EA9CC357267E5F66003B599D /* LandingPresenterImp.h */ = {isa = PBXFileReference; lastKnownFileType = sourcecode.c.h; path = LandingPresenterImp.h; sourceTree = "<group>"; };
		EA9CC358267E5F66003B599D /* LandingPresenterImp.m */ = {isa = PBXFileReference; lastKnownFileType = sourcecode.c.objc; path = LandingPresenterImp.m; sourceTree = "<group>"; };
		EA9CC35A267E6397003B599D /* LandingInteractorImp.h */ = {isa = PBXFileReference; lastKnownFileType = sourcecode.c.h; path = LandingInteractorImp.h; sourceTree = "<group>"; };
		EA9CC35B267E6397003B599D /* LandingInteractorImp.m */ = {isa = PBXFileReference; lastKnownFileType = sourcecode.c.objc; path = LandingInteractorImp.m; sourceTree = "<group>"; };
		EA9CC35D267E6657003B599D /* LoginInteractorImp.h */ = {isa = PBXFileReference; lastKnownFileType = sourcecode.c.h; path = LoginInteractorImp.h; sourceTree = "<group>"; };
		EA9CC35E267E6657003B599D /* LoginInteractorImp.m */ = {isa = PBXFileReference; lastKnownFileType = sourcecode.c.objc; path = LoginInteractorImp.m; sourceTree = "<group>"; };
		EA9CC360267ECA9F003B599D /* LoginPresenterImp.h */ = {isa = PBXFileReference; lastKnownFileType = sourcecode.c.h; path = LoginPresenterImp.h; sourceTree = "<group>"; };
		EA9CC361267ECA9F003B599D /* LoginPresenterImp.m */ = {isa = PBXFileReference; lastKnownFileType = sourcecode.c.objc; path = LoginPresenterImp.m; sourceTree = "<group>"; };
		EA9CC367267EE0AF003B599D /* CreateReviewView.xib */ = {isa = PBXFileReference; lastKnownFileType = file.xib; path = CreateReviewView.xib; sourceTree = "<group>"; };
		EA9CC369267EF295003B599D /* DetailView.xib */ = {isa = PBXFileReference; lastKnownFileType = file.xib; path = DetailView.xib; sourceTree = "<group>"; };
		EA9CC36B267EF5EB003B599D /* image.PNG */ = {isa = PBXFileReference; lastKnownFileType = image.png; path = image.PNG; sourceTree = "<group>"; };
		EA9CC36D267EF822003B599D /* quan.PNG */ = {isa = PBXFileReference; lastKnownFileType = image.png; path = quan.PNG; sourceTree = "<group>"; };
/* End PBXFileReference section */

/* Begin PBXFrameworksBuildPhase section */
		EA72F2AC26536BCF0084F702 /* Frameworks */ = {
			isa = PBXFrameworksBuildPhase;
			buildActionMask = 2147483647;
			files = (
				CD33CF8A8967B1B2216C43CA /* libPods-FoodReview.a in Frameworks */,
			);
			runOnlyForDeploymentPostprocessing = 0;
		};
		EA72F2C726536BD40084F702 /* Frameworks */ = {
			isa = PBXFrameworksBuildPhase;
			buildActionMask = 2147483647;
			files = (
				288F40EAC47576C7E7C7B3A6 /* libPods-FoodReviewTests.a in Frameworks */,
			);
			runOnlyForDeploymentPostprocessing = 0;
		};
		EA72F2D226536BD40084F702 /* Frameworks */ = {
			isa = PBXFrameworksBuildPhase;
			buildActionMask = 2147483647;
			files = (
			);
			runOnlyForDeploymentPostprocessing = 0;
		};
		EA97E35726819EF00060665A /* Frameworks */ = {
			isa = PBXFrameworksBuildPhase;
			buildActionMask = 2147483647;
			files = (
			);
			runOnlyForDeploymentPostprocessing = 0;
		};
/* End PBXFrameworksBuildPhase section */

/* Begin PBXGroup section */
		46515EB16A7252C7787BC13A /* Pods */ = {
			isa = PBXGroup;
			children = (
				4ABCF9C55A09AFA583712AB4 /* Pods-FoodReview.debug.xcconfig */,
				5F17C55D50DE8D02FD702696 /* Pods-FoodReview.release.xcconfig */,
				81BEE5F64CDAA920D31A424D /* Pods-FoodReviewTests.debug.xcconfig */,
				B7F44B1120812E075F84022C /* Pods-FoodReviewTests.release.xcconfig */,
			);
			path = Pods;
			sourceTree = "<group>";
		};
		8A37D3182F7AD489FD35D92D /* Frameworks */ = {
			isa = PBXGroup;
			children = (
				39F3EF3B090EBCA410DA26D5 /* libPods-FoodReview.a */,
				67113FFC8D829523307D97CF /* libPods-FoodReviewTests.a */,
			);
			name = Frameworks;
			sourceTree = "<group>";
		};
		EA72F2A626536BCF0084F702 = {
			isa = PBXGroup;
			children = (
				EA72F2B126536BCF0084F702 /* FoodReview */,
				EA72F2CD26536BD40084F702 /* FoodReviewTests */,
				EA72F2D826536BD40084F702 /* FoodReviewUITests */,
				EA97E35B26819EF00060665A /* ExternalInterfaces */,
				EA72F2B026536BCF0084F702 /* Products */,
				46515EB16A7252C7787BC13A /* Pods */,
				8A37D3182F7AD489FD35D92D /* Frameworks */,
			);
			sourceTree = "<group>";
		};
		EA72F2B026536BCF0084F702 /* Products */ = {
			isa = PBXGroup;
			children = (
				EA72F2AF26536BCF0084F702 /* FoodReview.app */,
				EA72F2CA26536BD40084F702 /* FoodReviewTests.xctest */,
				EA72F2D526536BD40084F702 /* FoodReviewUITests.xctest */,
				EA97E35A26819EF00060665A /* libExternalInterfaces.a */,
			);
			name = Products;
			sourceTree = "<group>";
		};
		EA72F2B126536BCF0084F702 /* FoodReview */ = {
			isa = PBXGroup;
			children = (
				EA9CC2BB267A05C2003B599D /* AppDelegate */,
				EA72F2EF2653FC6A0084F702 /* DomainEntities */,
				EA9CC2B9267A0544003B599D /* BusinessLogic */,
				EA9CC2BA267A057B003B599D /* ApplicationLogic */,
				EA9CC2B7267A04EB003B599D /* ExternalInterfaces */,
				EA72F2F12653FC840084F702 /* Resources */,
			);
			path = FoodReview;
			sourceTree = "<group>";
		};
		EA72F2CD26536BD40084F702 /* FoodReviewTests */ = {
			isa = PBXGroup;
			children = (
				EA72F2CE26536BD40084F702 /* FoodReviewTests.m */,
				EA72F2D026536BD40084F702 /* Info.plist */,
			);
			path = FoodReviewTests;
			sourceTree = "<group>";
		};
		EA72F2D826536BD40084F702 /* FoodReviewUITests */ = {
			isa = PBXGroup;
			children = (
				EA72F2D926536BD40084F702 /* FoodReviewUITests.m */,
				EA72F2DB26536BD40084F702 /* Info.plist */,
			);
			path = FoodReviewUITests;
			sourceTree = "<group>";
		};
		EA72F2EF2653FC6A0084F702 /* DomainEntities */ = {
			isa = PBXGroup;
			children = (
				EA9CC32F267DBBD3003B599D /* DomainEntities.h */,
				EA9CC330267DBBD3003B599D /* DomainEntities.m */,
				EA73C910266B258300FC9FAF /* User.h */,
				EA73C911266B258300FC9FAF /* User.m */,
				EA7EB437266F8A51003AAEAD /* Place.h */,
				EA7EB438266F8A51003AAEAD /* Place.m */,
				EA7EB43A26707A38003AAEAD /* Category.h */,
				EA7EB43B26707A38003AAEAD /* Category.m */,
				EA7EB43D26707AC0003AAEAD /* Province.h */,
				EA7EB43E26707AC0003AAEAD /* Province.m */,
				EA7EB44026709D7A003AAEAD /* District.h */,
				EA7EB44126709D7A003AAEAD /* District.m */,
				EA7EB44926720438003AAEAD /* Review.h */,
				EA7EB44A26720438003AAEAD /* Review.m */,
				EA60D0C9268C1ED7006AAECC /* Rating.h */,
				EA60D0CA268C1ED7006AAECC /* Rating.m */,
				EA60D0CC268C1EFA006AAECC /* Reaction.h */,
				EA60D0CD268C1EFA006AAECC /* Reaction.m */,
				EA60D0CF268C1F03006AAECC /* Comment.h */,
				EA60D0D0268C1F03006AAECC /* Comment.m */,
				EA60D0D2268C1F36006AAECC /* Relationship.h */,
				EA60D0D3268C1F36006AAECC /* Relationship.m */,
				EA60D0D5268C1F52006AAECC /* Experience.h */,
				EA60D0D6268C1F52006AAECC /* Experience.m */,
			);
			path = DomainEntities;
			sourceTree = "<group>";
		};
		EA72F2F02653FC710084F702 /* Views */ = {
			isa = PBXGroup;
			children = (
				EA9CC2C0267AEEC5003B599D /* TextField */,
				EA7C39F326575F19003D34DA /* Cells */,
				EA7C39F226575F10003D34DA /* Headers */,
				EA9CC367267EE0AF003B599D /* CreateReviewView.xib */,
				EA9CC369267EF295003B599D /* DetailView.xib */,
				EA60D0C6268C042D006AAECC /* RatingView.h */,
				EA60D0C7268C042D006AAECC /* RatingView.m */,
			);
			path = Views;
			sourceTree = "<group>";
		};
		EA72F2F12653FC840084F702 /* Resources */ = {
			isa = PBXGroup;
			children = (
				EA9CC36D267EF822003B599D /* quan.PNG */,
				EA9CC36B267EF5EB003B599D /* image.PNG */,
				EA9CC300267C39E0003B599D /* comga.jpg */,
				EA7EB42C266E3F45003AAEAD /* avatar-default.png */,
				EA73C90E266A349700FC9FAF /* pizza-monster.png */,
				EA72F2C426536BD30084F702 /* main.m */,
				EA72F2C326536BD30084F702 /* Info.plist */,
				EA73C91E266BE27700FC9FAF /* GoogleService-Info.plist */,
				EA7C39F726576058003D34DA /* Defines.h */,
				EA72F309265405780084F702 /* FoodReview-PrefixHeader.pch */,
				EA72F2C026536BD30084F702 /* LaunchScreen.storyboard */,
				EA72F2BB26536BCF0084F702 /* Main.storyboard */,
				EA72F2BE26536BD30084F702 /* Assets.xcassets */,
			);
			path = Resources;
			sourceTree = "<group>";
		};
		EA7C39F226575F10003D34DA /* Headers */ = {
			isa = PBXGroup;
			children = (
				EA7C39F426575F77003D34DA /* BaseCollectionReusableView.h */,
				EA7C39F526575F77003D34DA /* BaseCollectionReusableView.m */,
				EA712BD22697EE5E00622E85 /* ContentCollectionReusableView.h */,
				EA712BD32697EE5E00622E85 /* ContentCollectionReusableView.m */,
				EA712BD82698357600622E85 /* CommentCollectionReusableView.h */,
				EA712BD92698357600622E85 /* CommentCollectionReusableView.m */,
				EA681B4D2658FED10021B301 /* PagingViewTableHeaderView.h */,
				EA681B4E2658FED10021B301 /* PagingViewTableHeaderView.m */,
				EA60D0DB268D73F5006AAECC /* UserTableHeaderView.h */,
				EA60D0DC268D73F5006AAECC /* UserTableHeaderView.m */,
			);
			path = Headers;
			sourceTree = "<group>";
		};
		EA7C39F326575F19003D34DA /* Cells */ = {
			isa = PBXGroup;
			children = (
				EA7C39FB26576671003D34DA /* BaseCollectionCell.h */,
				EA7C39FC26576671003D34DA /* BaseCollectionCell.m */,
				EA7C3A0726576B77003D34DA /* NewDishCollectionViewCell.h */,
				EA7C3A0826576B77003D34DA /* NewDishCollectionViewCell.m */,
				EA7C3A0A2657964A003D34DA /* EditorsChoiceCollectionViewCell.h */,
				EA7C3A0B2657964A003D34DA /* EditorsChoiceCollectionViewCell.m */,
				EA7C3A0D265796E2003D34DA /* TrendingCollectionViewCell.h */,
				EA7C3A0E265796E2003D34DA /* TrendingCollectionViewCell.m */,
				EA66AFBF265A4E380090AA99 /* PostCollectionViewCell.h */,
				EA66AFC0265A4E380090AA99 /* PostCollectionViewCell.m */,
				EA7EB4462670C421003AAEAD /* PlaceCollectionViewCell.h */,
				EA7EB4472670C421003AAEAD /* PlaceCollectionViewCell.m */,
				EA60D0C3268B1B8C006AAECC /* PhotoCollectionViewCell.h */,
				EA60D0C4268B1B8C006AAECC /* PhotoCollectionViewCell.m */,
				EA712BCF2697398C00622E85 /* ListPhotoCollectionViewCell.h */,
				EA712BD02697398C00622E85 /* ListPhotoCollectionViewCell.m */,
				EA712BD52698353900622E85 /* CommentCollectionViewCell.h */,
				EA712BD62698353900622E85 /* CommentCollectionViewCell.m */,
				EA6D2718269ACF3600C1B1B7 /* UserCollectionViewCell.h */,
				EA6D2719269ACF3600C1B1B7 /* UserCollectionViewCell.m */,
			);
			path = Cells;
			sourceTree = "<group>";
		};
		EA7EB431266F5F6D003AAEAD /* Landing */ = {
			isa = PBXGroup;
			children = (
				EA73C919266B7CBB00FC9FAF /* SignupViewController.h */,
				EA73C91A266B7CBB00FC9FAF /* SignupViewController.m */,
				EA7EB429266DFD2F003AAEAD /* UserInfoViewController.h */,
				EA7EB42A266DFD2F003AAEAD /* UserInfoViewController.m */,
			);
			path = Landing;
			sourceTree = "<group>";
		};
		EA97E35B26819EF00060665A /* ExternalInterfaces */ = {
			isa = PBXGroup;
			children = (
				EA97E35C26819EF00060665A /* ExternalInterfaces.h */,
				EA97E35D26819EF00060665A /* ExternalInterfaces.m */,
			);
			path = ExternalInterfaces;
			sourceTree = "<group>";
		};
		EA9CC2B7267A04EB003B599D /* ExternalInterfaces */ = {
			isa = PBXGroup;
			children = (
				EA9CC338267DBE76003B599D /* ExternalInterfaces.h */,
				EA9CC339267DBE76003B599D /* ExternalInterfaces.m */,
				EA9CC33B267DBF2D003B599D /* FirebaseDatabase */,
			);
			path = ExternalInterfaces;
			sourceTree = "<group>";
		};
		EA9CC2B9267A0544003B599D /* BusinessLogic */ = {
			isa = PBXGroup;
			children = (
				EA9CC332267DBCC1003B599D /* BusinessLogic.h */,
				EA9CC333267DBCC1003B599D /* BusinessLogic.m */,
				EA9CC2EE267B5D46003B599D /* PlaceListInteractorImp.h */,
				EA9CC2EF267B5D46003B599D /* PlaceListInteractorImp.m */,
				EA9CC34C267DFC96003B599D /* CreateReviewInteractorImp.h */,
				EA9CC34D267DFC96003B599D /* CreateReviewInteractorImp.m */,
				EA9CC35A267E6397003B599D /* LandingInteractorImp.h */,
				EA9CC35B267E6397003B599D /* LandingInteractorImp.m */,
				EA9CC35D267E6657003B599D /* LoginInteractorImp.h */,
				EA9CC35E267E6657003B599D /* LoginInteractorImp.m */,
				EA60D0C0268AC792006AAECC /* HomeInteractorImp.h */,
				EA60D0C1268AC792006AAECC /* HomeInteractorImp.m */,
			);
			path = BusinessLogic;
			sourceTree = "<group>";
		};
		EA9CC2BA267A057B003B599D /* ApplicationLogic */ = {
			isa = PBXGroup;
			children = (
				EA9CC335267DBDC1003B599D /* ApplicationLogic.h */,
				EA9CC336267DBDC1003B599D /* ApplicationLogic.m */,
				EA9CC342267DC879003B599D /* Network */,
				EA9CC341267DC85F003B599D /* Presenters */,
				EA9CC340267DC852003B599D /* Routers */,
				EA9CC33F267DC838003B599D /* ViewControllers */,
				EA72F2F02653FC710084F702 /* Views */,
				EA9CC2BF267ADF44003B599D /* Common */,
				EA9CC2BE267ADDE5003B599D /* Extensions */,
			);
			path = ApplicationLogic;
			sourceTree = "<group>";
		};
		EA9CC2BB267A05C2003B599D /* AppDelegate */ = {
			isa = PBXGroup;
			children = (
				EA72F2B226536BCF0084F702 /* AppDelegate.h */,
				EA72F2B326536BCF0084F702 /* AppDelegate.m */,
				EA72F2B526536BCF0084F702 /* SceneDelegate.h */,
				EA72F2B626536BCF0084F702 /* SceneDelegate.m */,
			);
			path = AppDelegate;
			sourceTree = "<group>";
		};
		EA9CC2BE267ADDE5003B599D /* Extensions */ = {
			isa = PBXGroup;
			children = (
				EA72F306265404900084F702 /* UIColor+MSCAdditions.h */,
				EA72F307265404900084F702 /* UIColor+MSCAdditions.m */,
				EA7C39F82657631A003D34DA /* UIFont+Dynamics.h */,
				EA7C39F92657631A003D34DA /* UIFont+Dynamics.m */,
			);
			path = Extensions;
			sourceTree = "<group>";
		};
		EA9CC2BF267ADF44003B599D /* Common */ = {
			isa = PBXGroup;
			children = (
				EA7C39FE265766F7003D34DA /* Common.h */,
				EA7C39FF265766F7003D34DA /* Common.m */,
			);
			path = Common;
			sourceTree = "<group>";
		};
		EA9CC2C0267AEEC5003B599D /* TextField */ = {
			isa = PBXGroup;
			children = (
				EA73C920266CCA0200FC9FAF /* CustomTextField.h */,
				EA73C921266CCA0200FC9FAF /* CustomTextField.m */,
			);
			path = TextField;
			sourceTree = "<group>";
		};
		EA9CC2F1267B655B003B599D /* SearchPlaces */ = {
			isa = PBXGroup;
			children = (
				EA9CC2F5267B6952003B599D /* SearchPlacesColectionViewProtocol.h */,
			);
			path = SearchPlaces;
			sourceTree = "<group>";
		};
		EA9CC2F9267B8FB9003B599D /* Home */ = {
			isa = PBXGroup;
			children = (
				EA72F2F72653FD490084F702 /* HomeViewController.h */,
				EA72F2F82653FD490084F702 /* HomeViewController.m */,
				EA681B50265903A20021B301 /* AllPostsViewController.h */,
				EA681B51265903A20021B301 /* AllPostsViewController.m */,
				EA6D2712269A814900C1B1B7 /* ListPlacesViewController.h */,
				EA6D2713269A814900C1B1B7 /* ListPlacesViewController.m */,
				EA6D2715269A816000C1B1B7 /* DetailPlaceViewController.h */,
				EA6D2716269A816000C1B1B7 /* DetailPlaceViewController.m */,
			);
			path = Home;
			sourceTree = "<group>";
		};
		EA9CC2FA267B8FD0003B599D /* Search */ = {
			isa = PBXGroup;
			children = (
				EA72F2FA265400080084F702 /* SearchViewController.h */,
				EA72F2FB265400080084F702 /* SearchViewController.m */,
				EA9CC2F1267B655B003B599D /* SearchPlaces */,
				EA6D2706269A803F00C1B1B7 /* ReviewResultViewController.h */,
				EA6D2707269A803F00C1B1B7 /* ReviewResultViewController.m */,
				EA6D2703269A802700C1B1B7 /* PlaceResultViewController.h */,
				EA6D2704269A802700C1B1B7 /* PlaceResultViewController.m */,
				EA6D270C269A808000C1B1B7 /* UserResultViewController.h */,
				EA6D270D269A808000C1B1B7 /* UserResultViewController.m */,
				EA6D2709269A806400C1B1B7 /* HashtagResultViewController.h */,
				EA6D270A269A806400C1B1B7 /* HashtagResultViewController.m */,
			);
			path = Search;
			sourceTree = "<group>";
		};
		EA9CC2FC267B8FE8003B599D /* Notification */ = {
			isa = PBXGroup;
			children = (
				EA72F30A265418600084F702 /* NotificationViewController.h */,
				EA72F30B265418600084F702 /* NotificationViewController.m */,
			);
			path = Notification;
			sourceTree = "<group>";
		};
		EA9CC2FD267B8FF6003B599D /* UserInfo */ = {
			isa = PBXGroup;
			children = (
				EA72F3002654005B0084F702 /* UserViewController.h */,
				EA72F3012654005B0084F702 /* UserViewController.m */,
				EA6D270F269A80B700C1B1B7 /* DetailUserViewController.h */,
				EA6D2710269A80B700C1B1B7 /* DetailUserViewController.m */,
			);
			path = UserInfo;
			sourceTree = "<group>";
		};
		EA9CC33B267DBF2D003B599D /* FirebaseDatabase */ = {
			isa = PBXGroup;
			children = (
				EA9CC33C267DBF86003B599D /* FirebaseDatabaseClient.h */,
				EA9CC33D267DBF86003B599D /* FirebaseDatabaseClient.m */,
			);
			path = FirebaseDatabase;
			sourceTree = "<group>";
		};
		EA9CC33F267DC838003B599D /* ViewControllers */ = {
			isa = PBXGroup;
			children = (
				EA72F2F32653FD0E0084F702 /* TabBarController.h */,
				EA72F2F42653FD0E0084F702 /* TabBarController.m */,
				EA7EB42E266F5F5D003AAEAD /* SearchPlacesViewController.h */,
				EA7EB42F266F5F5D003AAEAD /* SearchPlacesViewController.m */,
				EA72F2FD2654003B0084F702 /* CreateViewController.h */,
				EA72F2FE2654003B0084F702 /* CreateViewController.m */,
				EA73C913266B7C6F00FC9FAF /* LandingViewController.h */,
				EA73C914266B7C6F00FC9FAF /* LandingViewController.m */,
				EA73C916266B7C8800FC9FAF /* LoginViewController.h */,
				EA73C917266B7C8800FC9FAF /* LoginViewController.m */,
				EA60D0D8268C94CC006AAECC /* DetailReviewViewController.h */,
				EA60D0D9268C94CC006AAECC /* DetailReviewViewController.m */,
				EA9CC2FD267B8FF6003B599D /* UserInfo */,
				EA9CC2FC267B8FE8003B599D /* Notification */,
				EA9CC2FA267B8FD0003B599D /* Search */,
				EA9CC2F9267B8FB9003B599D /* Home */,
				EA7EB431266F5F6D003AAEAD /* Landing */,
			);
			path = ViewControllers;
			sourceTree = "<group>";
		};
		EA9CC340267DC852003B599D /* Routers */ = {
			isa = PBXGroup;
			children = (
				EA9CC346267DFA78003B599D /* TabBarWireFrame.h */,
				EA9CC347267DFA78003B599D /* TabBarWireFrame.m */,
			);
			path = Routers;
			sourceTree = "<group>";
		};
		EA9CC341267DC85F003B599D /* Presenters */ = {
			isa = PBXGroup;
			children = (
				EA9CC2F2267B67D2003B599D /* SearchPlacesPresenter.h */,
				EA9CC2F3267B67D2003B599D /* SearchPlacesPresenter.m */,
				EA9CC352267E0FBE003B599D /* CreateReviewPresenterImp.h */,
				EA9CC353267E0FBE003B599D /* CreateReviewPresenterImp.m */,
				EA9CC357267E5F66003B599D /* LandingPresenterImp.h */,
				EA9CC358267E5F66003B599D /* LandingPresenterImp.m */,
				EA9CC360267ECA9F003B599D /* LoginPresenterImp.h */,
				EA9CC361267ECA9F003B599D /* LoginPresenterImp.m */,
				EA60D0BD268AC30D006AAECC /* HomePresenterImp.h */,
				EA60D0BE268AC30D006AAECC /* HomePresenterImp.m */,
			);
			path = Presenters;
			sourceTree = "<group>";
		};
		EA9CC342267DC879003B599D /* Network */ = {
			isa = PBXGroup;
			children = (
				EA9CC34F267E0C71003B599D /* AppDataAdapter.h */,
				EA9CC350267E0C71003B599D /* AppDataAdapter.m */,
			);
			path = Network;
			sourceTree = "<group>";
		};
/* End PBXGroup section */

/* Begin PBXNativeTarget section */
		EA72F2AE26536BCF0084F702 /* FoodReview */ = {
			isa = PBXNativeTarget;
			buildConfigurationList = EA72F2DE26536BD40084F702 /* Build configuration list for PBXNativeTarget "FoodReview" */;
			buildPhases = (
				472898622F5244D9BDD29AB6 /* [CP] Check Pods Manifest.lock */,
				EA72F2AB26536BCF0084F702 /* Sources */,
				EA72F2AC26536BCF0084F702 /* Frameworks */,
				EA72F2AD26536BCF0084F702 /* Resources */,
				DAD12E25F8698F35BF83F682 /* [CP] Copy Pods Resources */,
			);
			buildRules = (
			);
			dependencies = (
			);
			name = FoodReview;
			productName = FoodReview;
			productReference = EA72F2AF26536BCF0084F702 /* FoodReview.app */;
			productType = "com.apple.product-type.application";
		};
		EA72F2C926536BD40084F702 /* FoodReviewTests */ = {
			isa = PBXNativeTarget;
			buildConfigurationList = EA72F2E126536BD40084F702 /* Build configuration list for PBXNativeTarget "FoodReviewTests" */;
			buildPhases = (
				638E91D6E9B1C6D72F128B3F /* [CP] Check Pods Manifest.lock */,
				EA72F2C626536BD40084F702 /* Sources */,
				EA72F2C726536BD40084F702 /* Frameworks */,
				EA72F2C826536BD40084F702 /* Resources */,
			);
			buildRules = (
			);
			dependencies = (
				EA72F2CC26536BD40084F702 /* PBXTargetDependency */,
			);
			name = FoodReviewTests;
			productName = FoodReviewTests;
			productReference = EA72F2CA26536BD40084F702 /* FoodReviewTests.xctest */;
			productType = "com.apple.product-type.bundle.unit-test";
		};
		EA72F2D426536BD40084F702 /* FoodReviewUITests */ = {
			isa = PBXNativeTarget;
			buildConfigurationList = EA72F2E426536BD40084F702 /* Build configuration list for PBXNativeTarget "FoodReviewUITests" */;
			buildPhases = (
				EA72F2D126536BD40084F702 /* Sources */,
				EA72F2D226536BD40084F702 /* Frameworks */,
				EA72F2D326536BD40084F702 /* Resources */,
			);
			buildRules = (
			);
			dependencies = (
				EA72F2D726536BD40084F702 /* PBXTargetDependency */,
			);
			name = FoodReviewUITests;
			productName = FoodReviewUITests;
			productReference = EA72F2D526536BD40084F702 /* FoodReviewUITests.xctest */;
			productType = "com.apple.product-type.bundle.ui-testing";
		};
		EA97E35926819EF00060665A /* ExternalInterfaces */ = {
			isa = PBXNativeTarget;
			buildConfigurationList = EA97E36226819EF00060665A /* Build configuration list for PBXNativeTarget "ExternalInterfaces" */;
			buildPhases = (
				EA97E35626819EF00060665A /* Sources */,
				EA97E35726819EF00060665A /* Frameworks */,
				EA97E35826819EF00060665A /* CopyFiles */,
			);
			buildRules = (
			);
			dependencies = (
			);
			name = ExternalInterfaces;
			productName = ExternalInterfaces;
			productReference = EA97E35A26819EF00060665A /* libExternalInterfaces.a */;
			productType = "com.apple.product-type.library.static";
		};
/* End PBXNativeTarget section */

/* Begin PBXProject section */
		EA72F2A726536BCF0084F702 /* Project object */ = {
			isa = PBXProject;
			attributes = {
				LastUpgradeCheck = 1250;
				TargetAttributes = {
					EA72F2AE26536BCF0084F702 = {
						CreatedOnToolsVersion = 12.5;
					};
					EA72F2C926536BD40084F702 = {
						CreatedOnToolsVersion = 12.5;
						TestTargetID = EA72F2AE26536BCF0084F702;
					};
					EA72F2D426536BD40084F702 = {
						CreatedOnToolsVersion = 12.5;
						TestTargetID = EA72F2AE26536BCF0084F702;
					};
					EA97E35926819EF00060665A = {
						CreatedOnToolsVersion = 12.5;
					};
				};
			};
			buildConfigurationList = EA72F2AA26536BCF0084F702 /* Build configuration list for PBXProject "FoodReview" */;
			compatibilityVersion = "Xcode 9.3";
			developmentRegion = en;
			hasScannedForEncodings = 0;
			knownRegions = (
				en,
				Base,
			);
			mainGroup = EA72F2A626536BCF0084F702;
			productRefGroup = EA72F2B026536BCF0084F702 /* Products */;
			projectDirPath = "";
			projectRoot = "";
			targets = (
				EA72F2AE26536BCF0084F702 /* FoodReview */,
				EA72F2C926536BD40084F702 /* FoodReviewTests */,
				EA72F2D426536BD40084F702 /* FoodReviewUITests */,
				EA97E35926819EF00060665A /* ExternalInterfaces */,
			);
		};
/* End PBXProject section */

/* Begin PBXResourcesBuildPhase section */
		EA72F2AD26536BCF0084F702 /* Resources */ = {
			isa = PBXResourcesBuildPhase;
			buildActionMask = 2147483647;
			files = (
				EA72F2C226536BD30084F702 /* LaunchScreen.storyboard in Resources */,
				EA72F2BF26536BD30084F702 /* Assets.xcassets in Resources */,
				EA73C91F266BE27700FC9FAF /* GoogleService-Info.plist in Resources */,
				EA9CC301267C39E1003B599D /* comga.jpg in Resources */,
				EA72F2BD26536BCF0084F702 /* Main.storyboard in Resources */,
				EA9CC36C267EF5EB003B599D /* image.PNG in Resources */,
				EA9CC36E267EF823003B599D /* quan.PNG in Resources */,
				EA73C90F266A349700FC9FAF /* pizza-monster.png in Resources */,
				EA9CC368267EE0AF003B599D /* CreateReviewView.xib in Resources */,
				EA7EB42D266E3F45003AAEAD /* avatar-default.png in Resources */,
				EA9CC36A267EF295003B599D /* DetailView.xib in Resources */,
			);
			runOnlyForDeploymentPostprocessing = 0;
		};
		EA72F2C826536BD40084F702 /* Resources */ = {
			isa = PBXResourcesBuildPhase;
			buildActionMask = 2147483647;
			files = (
			);
			runOnlyForDeploymentPostprocessing = 0;
		};
		EA72F2D326536BD40084F702 /* Resources */ = {
			isa = PBXResourcesBuildPhase;
			buildActionMask = 2147483647;
			files = (
			);
			runOnlyForDeploymentPostprocessing = 0;
		};
/* End PBXResourcesBuildPhase section */

/* Begin PBXShellScriptBuildPhase section */
		472898622F5244D9BDD29AB6 /* [CP] Check Pods Manifest.lock */ = {
			isa = PBXShellScriptBuildPhase;
			buildActionMask = 2147483647;
			files = (
			);
			inputFileListPaths = (
			);
			inputPaths = (
				"${PODS_PODFILE_DIR_PATH}/Podfile.lock",
				"${PODS_ROOT}/Manifest.lock",
			);
			name = "[CP] Check Pods Manifest.lock";
			outputFileListPaths = (
			);
			outputPaths = (
				"$(DERIVED_FILE_DIR)/Pods-FoodReview-checkManifestLockResult.txt",
			);
			runOnlyForDeploymentPostprocessing = 0;
			shellPath = /bin/sh;
			shellScript = "diff \"${PODS_PODFILE_DIR_PATH}/Podfile.lock\" \"${PODS_ROOT}/Manifest.lock\" > /dev/null\nif [ $? != 0 ] ; then\n    # print error to STDERR\n    echo \"error: The sandbox is not in sync with the Podfile.lock. Run 'pod install' or update your CocoaPods installation.\" >&2\n    exit 1\nfi\n# This output is used by Xcode 'outputs' to avoid re-running this script phase.\necho \"SUCCESS\" > \"${SCRIPT_OUTPUT_FILE_0}\"\n";
			showEnvVarsInLog = 0;
		};
		638E91D6E9B1C6D72F128B3F /* [CP] Check Pods Manifest.lock */ = {
			isa = PBXShellScriptBuildPhase;
			buildActionMask = 2147483647;
			files = (
			);
			inputFileListPaths = (
			);
			inputPaths = (
				"${PODS_PODFILE_DIR_PATH}/Podfile.lock",
				"${PODS_ROOT}/Manifest.lock",
			);
			name = "[CP] Check Pods Manifest.lock";
			outputFileListPaths = (
			);
			outputPaths = (
				"$(DERIVED_FILE_DIR)/Pods-FoodReviewTests-checkManifestLockResult.txt",
			);
			runOnlyForDeploymentPostprocessing = 0;
			shellPath = /bin/sh;
			shellScript = "diff \"${PODS_PODFILE_DIR_PATH}/Podfile.lock\" \"${PODS_ROOT}/Manifest.lock\" > /dev/null\nif [ $? != 0 ] ; then\n    # print error to STDERR\n    echo \"error: The sandbox is not in sync with the Podfile.lock. Run 'pod install' or update your CocoaPods installation.\" >&2\n    exit 1\nfi\n# This output is used by Xcode 'outputs' to avoid re-running this script phase.\necho \"SUCCESS\" > \"${SCRIPT_OUTPUT_FILE_0}\"\n";
			showEnvVarsInLog = 0;
		};
		DAD12E25F8698F35BF83F682 /* [CP] Copy Pods Resources */ = {
			isa = PBXShellScriptBuildPhase;
			buildActionMask = 2147483647;
			files = (
			);
			inputFileListPaths = (
				"${PODS_ROOT}/Target Support Files/Pods-FoodReview/Pods-FoodReview-resources-${CONFIGURATION}-input-files.xcfilelist",
			);
			name = "[CP] Copy Pods Resources";
			outputFileListPaths = (
				"${PODS_ROOT}/Target Support Files/Pods-FoodReview/Pods-FoodReview-resources-${CONFIGURATION}-output-files.xcfilelist",
			);
			runOnlyForDeploymentPostprocessing = 0;
			shellPath = /bin/sh;
			shellScript = "\"${PODS_ROOT}/Target Support Files/Pods-FoodReview/Pods-FoodReview-resources.sh\"\n";
			showEnvVarsInLog = 0;
		};
/* End PBXShellScriptBuildPhase section */

/* Begin PBXSourcesBuildPhase section */
		EA72F2AB26536BCF0084F702 /* Sources */ = {
			isa = PBXSourcesBuildPhase;
			buildActionMask = 2147483647;
			files = (
				EA72F2B426536BCF0084F702 /* AppDelegate.m in Sources */,
				EA73C918266B7C8800FC9FAF /* LoginViewController.m in Sources */,
				EA7C39FD26576671003D34DA /* BaseCollectionCell.m in Sources */,
				EA60D0DA268C94CC006AAECC /* DetailReviewViewController.m in Sources */,
				EA60D0D1268C1F03006AAECC /* Comment.m in Sources */,
				EA60D0D7268C1F52006AAECC /* Experience.m in Sources */,
				EA9CC351267E0C71003B599D /* AppDataAdapter.m in Sources */,
				EA712BDA2698357600622E85 /* CommentCollectionReusableView.m in Sources */,
				EA9CC348267DFA78003B599D /* TabBarWireFrame.m in Sources */,
				EA7C39F626575F77003D34DA /* BaseCollectionReusableView.m in Sources */,
				EA9CC33E267DBF86003B599D /* FirebaseDatabaseClient.m in Sources */,
				EA72F2F52653FD0E0084F702 /* TabBarController.m in Sources */,
				EA60D0DD268D73F5006AAECC /* UserTableHeaderView.m in Sources */,
				EA60D0C2268AC792006AAECC /* HomeInteractorImp.m in Sources */,
				EA7EB42B266DFD2F003AAEAD /* UserInfoViewController.m in Sources */,
				EA60D0D4268C1F36006AAECC /* Relationship.m in Sources */,
				EA60D0CE268C1EFA006AAECC /* Reaction.m in Sources */,
				EA73C915266B7C6F00FC9FAF /* LandingViewController.m in Sources */,
				EA6D2711269A80B700C1B1B7 /* DetailUserViewController.m in Sources */,
				EA6D270B269A806400C1B1B7 /* HashtagResultViewController.m in Sources */,
				EA712BD12697398C00622E85 /* ListPhotoCollectionViewCell.m in Sources */,
				EA6D2717269A816000C1B1B7 /* DetailPlaceViewController.m in Sources */,
				EA60D0C8268C042D006AAECC /* RatingView.m in Sources */,
				EA6D271A269ACF3600C1B1B7 /* UserCollectionViewCell.m in Sources */,
				EA7EB43C26707A38003AAEAD /* Category.m in Sources */,
				EA73C91B266B7CBB00FC9FAF /* SignupViewController.m in Sources */,
				EA72F308265404900084F702 /* UIColor+MSCAdditions.m in Sources */,
				EA6D2714269A814900C1B1B7 /* ListPlacesViewController.m in Sources */,
				EA7C39FA2657631A003D34DA /* UIFont+Dynamics.m in Sources */,
				EA9CC2F0267B5D46003B599D /* PlaceListInteractorImp.m in Sources */,
				EA6D2705269A802700C1B1B7 /* PlaceResultViewController.m in Sources */,
				EA60D0BF268AC30D006AAECC /* HomePresenterImp.m in Sources */,
				EA7EB44226709D7A003AAEAD /* District.m in Sources */,
				EA7C3A00265766F7003D34DA /* Common.m in Sources */,
				EA60D0C5268B1B8C006AAECC /* PhotoCollectionViewCell.m in Sources */,
				EA7EB44B26720439003AAEAD /* Review.m in Sources */,
				EA681B52265903A20021B301 /* AllPostsViewController.m in Sources */,
				EA60D0CB268C1ED7006AAECC /* Rating.m in Sources */,
				EA6D270E269A808000C1B1B7 /* UserResultViewController.m in Sources */,
				EA9CC354267E0FBE003B599D /* CreateReviewPresenterImp.m in Sources */,
				EA73C912266B258300FC9FAF /* User.m in Sources */,
				EA9CC362267ECA9F003B599D /* LoginPresenterImp.m in Sources */,
				EA9CC35C267E6397003B599D /* LandingInteractorImp.m in Sources */,
				EA9CC2F4267B67D2003B599D /* SearchPlacesPresenter.m in Sources */,
				EA72F30C265418600084F702 /* NotificationViewController.m in Sources */,
				EA9CC35F267E6657003B599D /* LoginInteractorImp.m in Sources */,
				EA9CC359267E5F66003B599D /* LandingPresenterImp.m in Sources */,
				EA7EB430266F5F5D003AAEAD /* SearchPlacesViewController.m in Sources */,
				EA72F2FC265400080084F702 /* SearchViewController.m in Sources */,
				EA9CC33A267DBE76003B599D /* ExternalInterfaces.m in Sources */,
				EA6D2708269A803F00C1B1B7 /* ReviewResultViewController.m in Sources */,
				EA72F2FF2654003B0084F702 /* CreateViewController.m in Sources */,
				EA72F2C526536BD30084F702 /* main.m in Sources */,
				EA9CC331267DBBD3003B599D /* DomainEntities.m in Sources */,
				EA66AFC1265A4E380090AA99 /* PostCollectionViewCell.m in Sources */,
				EA9CC337267DBDC1003B599D /* ApplicationLogic.m in Sources */,
				EA7EB4482670C421003AAEAD /* PlaceCollectionViewCell.m in Sources */,
				EA7EB43F26707AC0003AAEAD /* Province.m in Sources */,
				EA72F3022654005B0084F702 /* UserViewController.m in Sources */,
				EA712BD72698353900622E85 /* CommentCollectionViewCell.m in Sources */,
				EA712BD42697EE5E00622E85 /* ContentCollectionReusableView.m in Sources */,
				EA72F2F92653FD490084F702 /* HomeViewController.m in Sources */,
				EA72F2B726536BCF0084F702 /* SceneDelegate.m in Sources */,
				EA681B4F2658FED10021B301 /* PagingViewTableHeaderView.m in Sources */,
				EA9CC34E267DFC96003B599D /* CreateReviewInteractorImp.m in Sources */,
				EA7EB439266F8A51003AAEAD /* Place.m in Sources */,
				EA7C3A0926576B77003D34DA /* NewDishCollectionViewCell.m in Sources */,
				EA7C3A0F265796E2003D34DA /* TrendingCollectionViewCell.m in Sources */,
				EA73C922266CCA0200FC9FAF /* CustomTextField.m in Sources */,
				EA9CC334267DBCC1003B599D /* BusinessLogic.m in Sources */,
				EA7C3A0C2657964A003D34DA /* EditorsChoiceCollectionViewCell.m in Sources */,
			);
			runOnlyForDeploymentPostprocessing = 0;
		};
		EA72F2C626536BD40084F702 /* Sources */ = {
			isa = PBXSourcesBuildPhase;
			buildActionMask = 2147483647;
			files = (
				EA72F2CF26536BD40084F702 /* FoodReviewTests.m in Sources */,
			);
			runOnlyForDeploymentPostprocessing = 0;
		};
		EA72F2D126536BD40084F702 /* Sources */ = {
			isa = PBXSourcesBuildPhase;
			buildActionMask = 2147483647;
			files = (
				EA72F2DA26536BD40084F702 /* FoodReviewUITests.m in Sources */,
			);
			runOnlyForDeploymentPostprocessing = 0;
		};
		EA97E35626819EF00060665A /* Sources */ = {
			isa = PBXSourcesBuildPhase;
			buildActionMask = 2147483647;
			files = (
				EA97E35E26819EF00060665A /* ExternalInterfaces.m in Sources */,
			);
			runOnlyForDeploymentPostprocessing = 0;
		};
/* End PBXSourcesBuildPhase section */

/* Begin PBXTargetDependency section */
		EA72F2CC26536BD40084F702 /* PBXTargetDependency */ = {
			isa = PBXTargetDependency;
			target = EA72F2AE26536BCF0084F702 /* FoodReview */;
			targetProxy = EA72F2CB26536BD40084F702 /* PBXContainerItemProxy */;
		};
		EA72F2D726536BD40084F702 /* PBXTargetDependency */ = {
			isa = PBXTargetDependency;
			target = EA72F2AE26536BCF0084F702 /* FoodReview */;
			targetProxy = EA72F2D626536BD40084F702 /* PBXContainerItemProxy */;
		};
/* End PBXTargetDependency section */

/* Begin PBXVariantGroup section */
		EA72F2BB26536BCF0084F702 /* Main.storyboard */ = {
			isa = PBXVariantGroup;
			children = (
				EA72F2BC26536BCF0084F702 /* Base */,
			);
			name = Main.storyboard;
			sourceTree = "<group>";
		};
		EA72F2C026536BD30084F702 /* LaunchScreen.storyboard */ = {
			isa = PBXVariantGroup;
			children = (
				EA72F2C126536BD30084F702 /* Base */,
			);
			name = LaunchScreen.storyboard;
			sourceTree = "<group>";
		};
/* End PBXVariantGroup section */

/* Begin XCBuildConfiguration section */
		EA72F2DC26536BD40084F702 /* Debug */ = {
			isa = XCBuildConfiguration;
			buildSettings = {
				ALWAYS_SEARCH_USER_PATHS = NO;
				CLANG_ANALYZER_NONNULL = YES;
				CLANG_ANALYZER_NUMBER_OBJECT_CONVERSION = YES_AGGRESSIVE;
				CLANG_CXX_LANGUAGE_STANDARD = "gnu++14";
				CLANG_CXX_LIBRARY = "libc++";
				CLANG_ENABLE_MODULES = YES;
				CLANG_ENABLE_OBJC_ARC = YES;
				CLANG_ENABLE_OBJC_WEAK = YES;
				CLANG_WARN_BLOCK_CAPTURE_AUTORELEASING = YES;
				CLANG_WARN_BOOL_CONVERSION = YES;
				CLANG_WARN_COMMA = YES;
				CLANG_WARN_CONSTANT_CONVERSION = YES;
				CLANG_WARN_DEPRECATED_OBJC_IMPLEMENTATIONS = YES;
				CLANG_WARN_DIRECT_OBJC_ISA_USAGE = YES_ERROR;
				CLANG_WARN_DOCUMENTATION_COMMENTS = YES;
				CLANG_WARN_EMPTY_BODY = YES;
				CLANG_WARN_ENUM_CONVERSION = YES;
				CLANG_WARN_INFINITE_RECURSION = YES;
				CLANG_WARN_INT_CONVERSION = YES;
				CLANG_WARN_NON_LITERAL_NULL_CONVERSION = YES;
				CLANG_WARN_OBJC_IMPLICIT_RETAIN_SELF = YES;
				CLANG_WARN_OBJC_LITERAL_CONVERSION = YES;
				CLANG_WARN_OBJC_ROOT_CLASS = YES_ERROR;
				CLANG_WARN_QUOTED_INCLUDE_IN_FRAMEWORK_HEADER = YES;
				CLANG_WARN_RANGE_LOOP_ANALYSIS = YES;
				CLANG_WARN_STRICT_PROTOTYPES = YES;
				CLANG_WARN_SUSPICIOUS_MOVE = YES;
				CLANG_WARN_UNGUARDED_AVAILABILITY = YES_AGGRESSIVE;
				CLANG_WARN_UNREACHABLE_CODE = YES;
				CLANG_WARN__DUPLICATE_METHOD_MATCH = YES;
				COPY_PHASE_STRIP = NO;
				DEBUG_INFORMATION_FORMAT = dwarf;
				ENABLE_STRICT_OBJC_MSGSEND = YES;
				ENABLE_TESTABILITY = YES;
				GCC_C_LANGUAGE_STANDARD = gnu11;
				GCC_DYNAMIC_NO_PIC = NO;
				GCC_NO_COMMON_BLOCKS = YES;
				GCC_OPTIMIZATION_LEVEL = 0;
				GCC_PREPROCESSOR_DEFINITIONS = (
					"DEBUG=1",
					"$(inherited)",
				);
				GCC_WARN_64_TO_32_BIT_CONVERSION = YES;
				GCC_WARN_ABOUT_RETURN_TYPE = YES_ERROR;
				GCC_WARN_UNDECLARED_SELECTOR = YES;
				GCC_WARN_UNINITIALIZED_AUTOS = YES_AGGRESSIVE;
				GCC_WARN_UNUSED_FUNCTION = YES;
				GCC_WARN_UNUSED_VARIABLE = YES;
				IPHONEOS_DEPLOYMENT_TARGET = 14.5;
				MTL_ENABLE_DEBUG_INFO = INCLUDE_SOURCE;
				MTL_FAST_MATH = YES;
				ONLY_ACTIVE_ARCH = YES;
				SDKROOT = iphoneos;
			};
			name = Debug;
		};
		EA72F2DD26536BD40084F702 /* Release */ = {
			isa = XCBuildConfiguration;
			buildSettings = {
				ALWAYS_SEARCH_USER_PATHS = NO;
				CLANG_ANALYZER_NONNULL = YES;
				CLANG_ANALYZER_NUMBER_OBJECT_CONVERSION = YES_AGGRESSIVE;
				CLANG_CXX_LANGUAGE_STANDARD = "gnu++14";
				CLANG_CXX_LIBRARY = "libc++";
				CLANG_ENABLE_MODULES = YES;
				CLANG_ENABLE_OBJC_ARC = YES;
				CLANG_ENABLE_OBJC_WEAK = YES;
				CLANG_WARN_BLOCK_CAPTURE_AUTORELEASING = YES;
				CLANG_WARN_BOOL_CONVERSION = YES;
				CLANG_WARN_COMMA = YES;
				CLANG_WARN_CONSTANT_CONVERSION = YES;
				CLANG_WARN_DEPRECATED_OBJC_IMPLEMENTATIONS = YES;
				CLANG_WARN_DIRECT_OBJC_ISA_USAGE = YES_ERROR;
				CLANG_WARN_DOCUMENTATION_COMMENTS = YES;
				CLANG_WARN_EMPTY_BODY = YES;
				CLANG_WARN_ENUM_CONVERSION = YES;
				CLANG_WARN_INFINITE_RECURSION = YES;
				CLANG_WARN_INT_CONVERSION = YES;
				CLANG_WARN_NON_LITERAL_NULL_CONVERSION = YES;
				CLANG_WARN_OBJC_IMPLICIT_RETAIN_SELF = YES;
				CLANG_WARN_OBJC_LITERAL_CONVERSION = YES;
				CLANG_WARN_OBJC_ROOT_CLASS = YES_ERROR;
				CLANG_WARN_QUOTED_INCLUDE_IN_FRAMEWORK_HEADER = YES;
				CLANG_WARN_RANGE_LOOP_ANALYSIS = YES;
				CLANG_WARN_STRICT_PROTOTYPES = YES;
				CLANG_WARN_SUSPICIOUS_MOVE = YES;
				CLANG_WARN_UNGUARDED_AVAILABILITY = YES_AGGRESSIVE;
				CLANG_WARN_UNREACHABLE_CODE = YES;
				CLANG_WARN__DUPLICATE_METHOD_MATCH = YES;
				COPY_PHASE_STRIP = NO;
				DEBUG_INFORMATION_FORMAT = "dwarf-with-dsym";
				ENABLE_NS_ASSERTIONS = NO;
				ENABLE_STRICT_OBJC_MSGSEND = YES;
				GCC_C_LANGUAGE_STANDARD = gnu11;
				GCC_NO_COMMON_BLOCKS = YES;
				GCC_WARN_64_TO_32_BIT_CONVERSION = YES;
				GCC_WARN_ABOUT_RETURN_TYPE = YES_ERROR;
				GCC_WARN_UNDECLARED_SELECTOR = YES;
				GCC_WARN_UNINITIALIZED_AUTOS = YES_AGGRESSIVE;
				GCC_WARN_UNUSED_FUNCTION = YES;
				GCC_WARN_UNUSED_VARIABLE = YES;
				IPHONEOS_DEPLOYMENT_TARGET = 14.5;
				MTL_ENABLE_DEBUG_INFO = NO;
				MTL_FAST_MATH = YES;
				SDKROOT = iphoneos;
				VALIDATE_PRODUCT = YES;
			};
			name = Release;
		};
		EA72F2DF26536BD40084F702 /* Debug */ = {
			isa = XCBuildConfiguration;
			baseConfigurationReference = 4ABCF9C55A09AFA583712AB4 /* Pods-FoodReview.debug.xcconfig */;
			buildSettings = {
				ASSETCATALOG_COMPILER_APPICON_NAME = AppIcon;
				ASSETCATALOG_COMPILER_GLOBAL_ACCENT_COLOR_NAME = AccentColor;
				CODE_SIGN_STYLE = Automatic;
				DEVELOPMENT_TEAM = NF448AL5B2;
				GCC_PREFIX_HEADER = "FoodReview/Resources/FoodReview-PrefixHeader.pch";
				INFOPLIST_FILE = FoodReview/Resources/Info.plist;
				LD_RUNPATH_SEARCH_PATHS = (
					"$(inherited)",
					"@executable_path/Frameworks",
				);
				PRODUCT_BUNDLE_IDENTIFIER = com.tai.FoodReview;
				PRODUCT_NAME = "$(TARGET_NAME)";
				TARGETED_DEVICE_FAMILY = 1;
			};
			name = Debug;
		};
		EA72F2E026536BD40084F702 /* Release */ = {
			isa = XCBuildConfiguration;
			baseConfigurationReference = 5F17C55D50DE8D02FD702696 /* Pods-FoodReview.release.xcconfig */;
			buildSettings = {
				ASSETCATALOG_COMPILER_APPICON_NAME = AppIcon;
				ASSETCATALOG_COMPILER_GLOBAL_ACCENT_COLOR_NAME = AccentColor;
				CODE_SIGN_STYLE = Automatic;
				DEVELOPMENT_TEAM = NF448AL5B2;
				GCC_PREFIX_HEADER = "FoodReview/Resources/FoodReview-PrefixHeader.pch";
				INFOPLIST_FILE = FoodReview/Resources/Info.plist;
				LD_RUNPATH_SEARCH_PATHS = (
					"$(inherited)",
					"@executable_path/Frameworks",
				);
				PRODUCT_BUNDLE_IDENTIFIER = com.tai.FoodReview;
				PRODUCT_NAME = "$(TARGET_NAME)";
				TARGETED_DEVICE_FAMILY = 1;
			};
			name = Release;
		};
		EA72F2E226536BD40084F702 /* Debug */ = {
			isa = XCBuildConfiguration;
			baseConfigurationReference = 81BEE5F64CDAA920D31A424D /* Pods-FoodReviewTests.debug.xcconfig */;
			buildSettings = {
				BUNDLE_LOADER = "$(TEST_HOST)";
				CODE_SIGN_STYLE = Automatic;
				DEVELOPMENT_TEAM = NF448AL5B2;
				INFOPLIST_FILE = FoodReviewTests/Info.plist;
				IPHONEOS_DEPLOYMENT_TARGET = 14.5;
				LD_RUNPATH_SEARCH_PATHS = (
					"$(inherited)",
					"@executable_path/Frameworks",
					"@loader_path/Frameworks",
				);
				PRODUCT_BUNDLE_IDENTIFIER = com.tai.FoodReviewTests;
				PRODUCT_NAME = "$(TARGET_NAME)";
				TARGETED_DEVICE_FAMILY = "1,2";
				TEST_HOST = "$(BUILT_PRODUCTS_DIR)/FoodReview.app/FoodReview";
			};
			name = Debug;
		};
		EA72F2E326536BD40084F702 /* Release */ = {
			isa = XCBuildConfiguration;
			baseConfigurationReference = B7F44B1120812E075F84022C /* Pods-FoodReviewTests.release.xcconfig */;
			buildSettings = {
				BUNDLE_LOADER = "$(TEST_HOST)";
				CODE_SIGN_STYLE = Automatic;
				DEVELOPMENT_TEAM = NF448AL5B2;
				INFOPLIST_FILE = FoodReviewTests/Info.plist;
				IPHONEOS_DEPLOYMENT_TARGET = 14.5;
				LD_RUNPATH_SEARCH_PATHS = (
					"$(inherited)",
					"@executable_path/Frameworks",
					"@loader_path/Frameworks",
				);
				PRODUCT_BUNDLE_IDENTIFIER = com.tai.FoodReviewTests;
				PRODUCT_NAME = "$(TARGET_NAME)";
				TARGETED_DEVICE_FAMILY = "1,2";
				TEST_HOST = "$(BUILT_PRODUCTS_DIR)/FoodReview.app/FoodReview";
			};
			name = Release;
		};
		EA72F2E526536BD40084F702 /* Debug */ = {
			isa = XCBuildConfiguration;
			buildSettings = {
				CODE_SIGN_STYLE = Automatic;
				DEVELOPMENT_TEAM = NF448AL5B2;
				INFOPLIST_FILE = FoodReviewUITests/Info.plist;
				LD_RUNPATH_SEARCH_PATHS = (
					"$(inherited)",
					"@executable_path/Frameworks",
					"@loader_path/Frameworks",
				);
				PRODUCT_BUNDLE_IDENTIFIER = com.tai.FoodReviewUITests;
				PRODUCT_NAME = "$(TARGET_NAME)";
				TARGETED_DEVICE_FAMILY = "1,2";
				TEST_TARGET_NAME = FoodReview;
			};
			name = Debug;
		};
		EA72F2E626536BD40084F702 /* Release */ = {
			isa = XCBuildConfiguration;
			buildSettings = {
				CODE_SIGN_STYLE = Automatic;
				DEVELOPMENT_TEAM = NF448AL5B2;
				INFOPLIST_FILE = FoodReviewUITests/Info.plist;
				LD_RUNPATH_SEARCH_PATHS = (
					"$(inherited)",
					"@executable_path/Frameworks",
					"@loader_path/Frameworks",
				);
				PRODUCT_BUNDLE_IDENTIFIER = com.tai.FoodReviewUITests;
				PRODUCT_NAME = "$(TARGET_NAME)";
				TARGETED_DEVICE_FAMILY = "1,2";
				TEST_TARGET_NAME = FoodReview;
			};
			name = Release;
		};
		EA97E36026819EF00060665A /* Debug */ = {
			isa = XCBuildConfiguration;
			buildSettings = {
				CODE_SIGN_STYLE = Automatic;
				DEVELOPMENT_TEAM = NF448AL5B2;
				OTHER_LDFLAGS = "-ObjC";
				PRODUCT_NAME = "$(TARGET_NAME)";
				SKIP_INSTALL = YES;
				TARGETED_DEVICE_FAMILY = "1,2";
			};
			name = Debug;
		};
		EA97E36126819EF00060665A /* Release */ = {
			isa = XCBuildConfiguration;
			buildSettings = {
				CODE_SIGN_STYLE = Automatic;
				DEVELOPMENT_TEAM = NF448AL5B2;
				OTHER_LDFLAGS = "-ObjC";
				PRODUCT_NAME = "$(TARGET_NAME)";
				SKIP_INSTALL = YES;
				TARGETED_DEVICE_FAMILY = "1,2";
			};
			name = Release;
		};
/* End XCBuildConfiguration section */

/* Begin XCConfigurationList section */
		EA72F2AA26536BCF0084F702 /* Build configuration list for PBXProject "FoodReview" */ = {
			isa = XCConfigurationList;
			buildConfigurations = (
				EA72F2DC26536BD40084F702 /* Debug */,
				EA72F2DD26536BD40084F702 /* Release */,
			);
			defaultConfigurationIsVisible = 0;
			defaultConfigurationName = Release;
		};
		EA72F2DE26536BD40084F702 /* Build configuration list for PBXNativeTarget "FoodReview" */ = {
			isa = XCConfigurationList;
			buildConfigurations = (
				EA72F2DF26536BD40084F702 /* Debug */,
				EA72F2E026536BD40084F702 /* Release */,
			);
			defaultConfigurationIsVisible = 0;
			defaultConfigurationName = Release;
		};
		EA72F2E126536BD40084F702 /* Build configuration list for PBXNativeTarget "FoodReviewTests" */ = {
			isa = XCConfigurationList;
			buildConfigurations = (
				EA72F2E226536BD40084F702 /* Debug */,
				EA72F2E326536BD40084F702 /* Release */,
			);
			defaultConfigurationIsVisible = 0;
			defaultConfigurationName = Release;
		};
		EA72F2E426536BD40084F702 /* Build configuration list for PBXNativeTarget "FoodReviewUITests" */ = {
			isa = XCConfigurationList;
			buildConfigurations = (
				EA72F2E526536BD40084F702 /* Debug */,
				EA72F2E626536BD40084F702 /* Release */,
			);
			defaultConfigurationIsVisible = 0;
			defaultConfigurationName = Release;
		};
		EA97E36226819EF00060665A /* Build configuration list for PBXNativeTarget "ExternalInterfaces" */ = {
			isa = XCConfigurationList;
			buildConfigurations = (
				EA97E36026819EF00060665A /* Debug */,
				EA97E36126819EF00060665A /* Release */,
			);
			defaultConfigurationIsVisible = 0;
			defaultConfigurationName = Release;
		};
/* End XCConfigurationList section */
	};
	rootObject = EA72F2A726536BCF0084F702 /* Project object */;
}
