// !$*UTF8*$!
{
	archiveVersion = 1;
	classes = {
	};
	objectVersion = 50;
	objects = {

/* Begin PBXBuildFile section */
		EA72F2B426536BCF0084F702 /* AppDelegate.m in Sources */ = {isa = PBXBuildFile; fileRef = EA72F2B326536BCF0084F702 /* AppDelegate.m */; };
		EA72F2B726536BCF0084F702 /* SceneDelegate.m in Sources */ = {isa = PBXBuildFile; fileRef = EA72F2B626536BCF0084F702 /* SceneDelegate.m */; };
		EA72F2BD26536BCF0084F702 /* Main.storyboard in Resources */ = {isa = PBXBuildFile; fileRef = EA72F2BB26536BCF0084F702 /* Main.storyboard */; };
		EA72F2BF26536BD30084F702 /* Assets.xcassets in Resources */ = {isa = PBXBuildFile; fileRef = EA72F2BE26536BD30084F702 /* Assets.xcassets */; };
		EA72F2C226536BD30084F702 /* LaunchScreen.storyboard in Resources */ = {isa = PBXBuildFile; fileRef = EA72F2C026536BD30084F702 /* LaunchScreen.storyboard */; };
		EA72F2C526536BD30084F702 /* main.m in Sources */ = {isa = PBXBuildFile; fileRef = EA72F2C426536BD30084F702 /* main.m */; };
		EA72F2CF26536BD40084F702 /* FoodReviewTests.m in Sources */ = {isa = PBXBuildFile; fileRef = EA72F2CE26536BD40084F702 /* FoodReviewTests.m */; };
		EA72F2DA26536BD40084F702 /* FoodReviewUITests.m in Sources */ = {isa = PBXBuildFile; fileRef = EA72F2D926536BD40084F702 /* FoodReviewUITests.m */; };
		EA72F2F52653FD0E0084F702 /* TabBarController.m in Sources */ = {isa = PBXBuildFile; fileRef = EA72F2F42653FD0E0084F702 /* TabBarController.m */; };
		EA72F2F92653FD490084F702 /* HomeViewController.m in Sources */ = {isa = PBXBuildFile; fileRef = EA72F2F82653FD490084F702 /* HomeViewController.m */; };
		EA72F2FC265400080084F702 /* VideoViewController.m in Sources */ = {isa = PBXBuildFile; fileRef = EA72F2FB265400080084F702 /* VideoViewController.m */; };
		EA72F2FF2654003B0084F702 /* CreateViewController.m in Sources */ = {isa = PBXBuildFile; fileRef = EA72F2FE2654003B0084F702 /* CreateViewController.m */; };
		EA72F3022654005B0084F702 /* UserViewController.m in Sources */ = {isa = PBXBuildFile; fileRef = EA72F3012654005B0084F702 /* UserViewController.m */; };
		EA72F308265404900084F702 /* UIColor+MSCAdditions.m in Sources */ = {isa = PBXBuildFile; fileRef = EA72F307265404900084F702 /* UIColor+MSCAdditions.m */; };
		EA72F30C265418600084F702 /* NotificationViewController.m in Sources */ = {isa = PBXBuildFile; fileRef = EA72F30B265418600084F702 /* NotificationViewController.m */; };
/* End PBXBuildFile section */

/* Begin PBXContainerItemProxy section */
		EA72F2CB26536BD40084F702 /* PBXContainerItemProxy */ = {
			isa = PBXContainerItemProxy;
			containerPortal = EA72F2A726536BCF0084F702 /* Project object */;
			proxyType = 1;
			remoteGlobalIDString = EA72F2AE26536BCF0084F702;
			remoteInfo = FoodReview;
		};
		EA72F2D626536BD40084F702 /* PBXContainerItemProxy */ = {
			isa = PBXContainerItemProxy;
			containerPortal = EA72F2A726536BCF0084F702 /* Project object */;
			proxyType = 1;
			remoteGlobalIDString = EA72F2AE26536BCF0084F702;
			remoteInfo = FoodReview;
		};
/* End PBXContainerItemProxy section */

/* Begin PBXFileReference section */
		EA72F2AF26536BCF0084F702 /* FoodReview.app */ = {isa = PBXFileReference; explicitFileType = wrapper.application; includeInIndex = 0; path = FoodReview.app; sourceTree = BUILT_PRODUCTS_DIR; };
		EA72F2B226536BCF0084F702 /* AppDelegate.h */ = {isa = PBXFileReference; lastKnownFileType = sourcecode.c.h; path = AppDelegate.h; sourceTree = "<group>"; };
		EA72F2B326536BCF0084F702 /* AppDelegate.m */ = {isa = PBXFileReference; lastKnownFileType = sourcecode.c.objc; path = AppDelegate.m; sourceTree = "<group>"; };
		EA72F2B526536BCF0084F702 /* SceneDelegate.h */ = {isa = PBXFileReference; lastKnownFileType = sourcecode.c.h; path = SceneDelegate.h; sourceTree = "<group>"; };
		EA72F2B626536BCF0084F702 /* SceneDelegate.m */ = {isa = PBXFileReference; lastKnownFileType = sourcecode.c.objc; path = SceneDelegate.m; sourceTree = "<group>"; };
		EA72F2BC26536BCF0084F702 /* Base */ = {isa = PBXFileReference; lastKnownFileType = file.storyboard; name = Base; path = Base.lproj/Main.storyboard; sourceTree = "<group>"; };
		EA72F2BE26536BD30084F702 /* Assets.xcassets */ = {isa = PBXFileReference; lastKnownFileType = folder.assetcatalog; path = Assets.xcassets; sourceTree = "<group>"; };
		EA72F2C126536BD30084F702 /* Base */ = {isa = PBXFileReference; lastKnownFileType = file.storyboard; name = Base; path = Base.lproj/LaunchScreen.storyboard; sourceTree = "<group>"; };
		EA72F2C326536BD30084F702 /* Info.plist */ = {isa = PBXFileReference; lastKnownFileType = text.plist.xml; path = Info.plist; sourceTree = "<group>"; };
		EA72F2C426536BD30084F702 /* main.m */ = {isa = PBXFileReference; lastKnownFileType = sourcecode.c.objc; path = main.m; sourceTree = "<group>"; };
		EA72F2CA26536BD40084F702 /* FoodReviewTests.xctest */ = {isa = PBXFileReference; explicitFileType = wrapper.cfbundle; includeInIndex = 0; path = FoodReviewTests.xctest; sourceTree = BUILT_PRODUCTS_DIR; };
		EA72F2CE26536BD40084F702 /* FoodReviewTests.m */ = {isa = PBXFileReference; lastKnownFileType = sourcecode.c.objc; path = FoodReviewTests.m; sourceTree = "<group>"; };
		EA72F2D026536BD40084F702 /* Info.plist */ = {isa = PBXFileReference; lastKnownFileType = text.plist.xml; path = Info.plist; sourceTree = "<group>"; };
		EA72F2D526536BD40084F702 /* FoodReviewUITests.xctest */ = {isa = PBXFileReference; explicitFileType = wrapper.cfbundle; includeInIndex = 0; path = FoodReviewUITests.xctest; sourceTree = BUILT_PRODUCTS_DIR; };
		EA72F2D926536BD40084F702 /* FoodReviewUITests.m */ = {isa = PBXFileReference; lastKnownFileType = sourcecode.c.objc; path = FoodReviewUITests.m; sourceTree = "<group>"; };
		EA72F2DB26536BD40084F702 /* Info.plist */ = {isa = PBXFileReference; lastKnownFileType = text.plist.xml; path = Info.plist; sourceTree = "<group>"; };
		EA72F2F32653FD0E0084F702 /* TabBarController.h */ = {isa = PBXFileReference; lastKnownFileType = sourcecode.c.h; path = TabBarController.h; sourceTree = "<group>"; };
		EA72F2F42653FD0E0084F702 /* TabBarController.m */ = {isa = PBXFileReference; lastKnownFileType = sourcecode.c.objc; path = TabBarController.m; sourceTree = "<group>"; };
		EA72F2F72653FD490084F702 /* HomeViewController.h */ = {isa = PBXFileReference; lastKnownFileType = sourcecode.c.h; path = HomeViewController.h; sourceTree = "<group>"; };
		EA72F2F82653FD490084F702 /* HomeViewController.m */ = {isa = PBXFileReference; lastKnownFileType = sourcecode.c.objc; path = HomeViewController.m; sourceTree = "<group>"; };
		EA72F2FA265400080084F702 /* VideoViewController.h */ = {isa = PBXFileReference; lastKnownFileType = sourcecode.c.h; path = VideoViewController.h; sourceTree = "<group>"; };
		EA72F2FB265400080084F702 /* VideoViewController.m */ = {isa = PBXFileReference; lastKnownFileType = sourcecode.c.objc; path = VideoViewController.m; sourceTree = "<group>"; };
		EA72F2FD2654003B0084F702 /* CreateViewController.h */ = {isa = PBXFileReference; lastKnownFileType = sourcecode.c.h; path = CreateViewController.h; sourceTree = "<group>"; };
		EA72F2FE2654003B0084F702 /* CreateViewController.m */ = {isa = PBXFileReference; lastKnownFileType = sourcecode.c.objc; path = CreateViewController.m; sourceTree = "<group>"; };
		EA72F3002654005B0084F702 /* UserViewController.h */ = {isa = PBXFileReference; lastKnownFileType = sourcecode.c.h; path = UserViewController.h; sourceTree = "<group>"; };
		EA72F3012654005B0084F702 /* UserViewController.m */ = {isa = PBXFileReference; lastKnownFileType = sourcecode.c.objc; path = UserViewController.m; sourceTree = "<group>"; };
		EA72F306265404900084F702 /* UIColor+MSCAdditions.h */ = {isa = PBXFileReference; lastKnownFileType = sourcecode.c.h; path = "UIColor+MSCAdditions.h"; sourceTree = "<group>"; };
		EA72F307265404900084F702 /* UIColor+MSCAdditions.m */ = {isa = PBXFileReference; lastKnownFileType = sourcecode.c.objc; path = "UIColor+MSCAdditions.m"; sourceTree = "<group>"; };
		EA72F309265405780084F702 /* FoodReview-PrefixHeader.pch */ = {isa = PBXFileReference; lastKnownFileType = sourcecode.c.h; path = "FoodReview-PrefixHeader.pch"; sourceTree = "<group>"; };
		EA72F30A265418600084F702 /* NotificationViewController.h */ = {isa = PBXFileReference; lastKnownFileType = sourcecode.c.h; path = NotificationViewController.h; sourceTree = "<group>"; };
		EA72F30B265418600084F702 /* NotificationViewController.m */ = {isa = PBXFileReference; lastKnownFileType = sourcecode.c.objc; path = NotificationViewController.m; sourceTree = "<group>"; };
/* End PBXFileReference section */

/* Begin PBXFrameworksBuildPhase section */
		EA72F2AC26536BCF0084F702 /* Frameworks */ = {
			isa = PBXFrameworksBuildPhase;
			buildActionMask = 2147483647;
			files = (
			);
			runOnlyForDeploymentPostprocessing = 0;
		};
		EA72F2C726536BD40084F702 /* Frameworks */ = {
			isa = PBXFrameworksBuildPhase;
			buildActionMask = 2147483647;
			files = (
			);
			runOnlyForDeploymentPostprocessing = 0;
		};
		EA72F2D226536BD40084F702 /* Frameworks */ = {
			isa = PBXFrameworksBuildPhase;
			buildActionMask = 2147483647;
			files = (
			);
			runOnlyForDeploymentPostprocessing = 0;
		};
/* End PBXFrameworksBuildPhase section */

/* Begin PBXGroup section */
		EA72F2A626536BCF0084F702 = {
			isa = PBXGroup;
			children = (
				EA72F2B126536BCF0084F702 /* FoodReview */,
				EA72F2CD26536BD40084F702 /* FoodReviewTests */,
				EA72F2D826536BD40084F702 /* FoodReviewUITests */,
				EA72F2B026536BCF0084F702 /* Products */,
			);
			sourceTree = "<group>";
		};
		EA72F2B026536BCF0084F702 /* Products */ = {
			isa = PBXGroup;
			children = (
				EA72F2AF26536BCF0084F702 /* FoodReview.app */,
				EA72F2CA26536BD40084F702 /* FoodReviewTests.xctest */,
				EA72F2D526536BD40084F702 /* FoodReviewUITests.xctest */,
			);
			name = Products;
			sourceTree = "<group>";
		};
		EA72F2B126536BCF0084F702 /* FoodReview */ = {
			isa = PBXGroup;
			children = (
				EA72F2F22653FCBD0084F702 /* Scene */,
				EA72F2EF2653FC6A0084F702 /* Model */,
				EA72F2F02653FC710084F702 /* View */,
				EA72F2EE2653FC500084F702 /* Controller */,
				EA72F2F12653FC840084F702 /* Resource */,
				EA72F2BB26536BCF0084F702 /* Main.storyboard */,
				EA72F309265405780084F702 /* FoodReview-PrefixHeader.pch */,
			);
			path = FoodReview;
			sourceTree = "<group>";
		};
		EA72F2CD26536BD40084F702 /* FoodReviewTests */ = {
			isa = PBXGroup;
			children = (
				EA72F2CE26536BD40084F702 /* FoodReviewTests.m */,
				EA72F2D026536BD40084F702 /* Info.plist */,
			);
			path = FoodReviewTests;
			sourceTree = "<group>";
		};
		EA72F2D826536BD40084F702 /* FoodReviewUITests */ = {
			isa = PBXGroup;
			children = (
				EA72F2D926536BD40084F702 /* FoodReviewUITests.m */,
				EA72F2DB26536BD40084F702 /* Info.plist */,
			);
			path = FoodReviewUITests;
			sourceTree = "<group>";
		};
		EA72F2EE2653FC500084F702 /* Controller */ = {
			isa = PBXGroup;
			children = (
				EA72F2F32653FD0E0084F702 /* TabBarController.h */,
				EA72F2F42653FD0E0084F702 /* TabBarController.m */,
				EA72F2F72653FD490084F702 /* HomeViewController.h */,
				EA72F2F82653FD490084F702 /* HomeViewController.m */,
				EA72F2FA265400080084F702 /* VideoViewController.h */,
				EA72F2FB265400080084F702 /* VideoViewController.m */,
				EA72F2FD2654003B0084F702 /* CreateViewController.h */,
				EA72F2FE2654003B0084F702 /* CreateViewController.m */,
				EA72F3002654005B0084F702 /* UserViewController.h */,
				EA72F3012654005B0084F702 /* UserViewController.m */,
				EA72F30A265418600084F702 /* NotificationViewController.h */,
				EA72F30B265418600084F702 /* NotificationViewController.m */,
			);
			path = Controller;
			sourceTree = "<group>";
		};
		EA72F2EF2653FC6A0084F702 /* Model */ = {
			isa = PBXGroup;
			children = (
			);
			path = Model;
			sourceTree = "<group>";
		};
		EA72F2F02653FC710084F702 /* View */ = {
			isa = PBXGroup;
			children = (
			);
			path = View;
			sourceTree = "<group>";
		};
		EA72F2F12653FC840084F702 /* Resource */ = {
			isa = PBXGroup;
			children = (
				EA72F2C426536BD30084F702 /* main.m */,
				EA72F2C326536BD30084F702 /* Info.plist */,
				EA72F2C026536BD30084F702 /* LaunchScreen.storyboard */,
				EA72F2BE26536BD30084F702 /* Assets.xcassets */,
				EA72F306265404900084F702 /* UIColor+MSCAdditions.h */,
				EA72F307265404900084F702 /* UIColor+MSCAdditions.m */,
			);
			path = Resource;
			sourceTree = "<group>";
		};
		EA72F2F22653FCBD0084F702 /* Scene */ = {
			isa = PBXGroup;
			children = (
				EA72F2B226536BCF0084F702 /* AppDelegate.h */,
				EA72F2B326536BCF0084F702 /* AppDelegate.m */,
				EA72F2B526536BCF0084F702 /* SceneDelegate.h */,
				EA72F2B626536BCF0084F702 /* SceneDelegate.m */,
			);
			path = Scene;
			sourceTree = "<group>";
		};
/* End PBXGroup section */

/* Begin PBXNativeTarget section */
		EA72F2AE26536BCF0084F702 /* FoodReview */ = {
			isa = PBXNativeTarget;
			buildConfigurationList = EA72F2DE26536BD40084F702 /* Build configuration list for PBXNativeTarget "FoodReview" */;
			buildPhases = (
				EA72F2AB26536BCF0084F702 /* Sources */,
				EA72F2AC26536BCF0084F702 /* Frameworks */,
				EA72F2AD26536BCF0084F702 /* Resources */,
			);
			buildRules = (
			);
			dependencies = (
			);
			name = FoodReview;
			productName = FoodReview;
			productReference = EA72F2AF26536BCF0084F702 /* FoodReview.app */;
			productType = "com.apple.product-type.application";
		};
		EA72F2C926536BD40084F702 /* FoodReviewTests */ = {
			isa = PBXNativeTarget;
			buildConfigurationList = EA72F2E126536BD40084F702 /* Build configuration list for PBXNativeTarget "FoodReviewTests" */;
			buildPhases = (
				EA72F2C626536BD40084F702 /* Sources */,
				EA72F2C726536BD40084F702 /* Frameworks */,
				EA72F2C826536BD40084F702 /* Resources */,
			);
			buildRules = (
			);
			dependencies = (
				EA72F2CC26536BD40084F702 /* PBXTargetDependency */,
			);
			name = FoodReviewTests;
			productName = FoodReviewTests;
			productReference = EA72F2CA26536BD40084F702 /* FoodReviewTests.xctest */;
			productType = "com.apple.product-type.bundle.unit-test";
		};
		EA72F2D426536BD40084F702 /* FoodReviewUITests */ = {
			isa = PBXNativeTarget;
			buildConfigurationList = EA72F2E426536BD40084F702 /* Build configuration list for PBXNativeTarget "FoodReviewUITests" */;
			buildPhases = (
				EA72F2D126536BD40084F702 /* Sources */,
				EA72F2D226536BD40084F702 /* Frameworks */,
				EA72F2D326536BD40084F702 /* Resources */,
			);
			buildRules = (
			);
			dependencies = (
				EA72F2D726536BD40084F702 /* PBXTargetDependency */,
			);
			name = FoodReviewUITests;
			productName = FoodReviewUITests;
			productReference = EA72F2D526536BD40084F702 /* FoodReviewUITests.xctest */;
			productType = "com.apple.product-type.bundle.ui-testing";
		};
/* End PBXNativeTarget section */

/* Begin PBXProject section */
		EA72F2A726536BCF0084F702 /* Project object */ = {
			isa = PBXProject;
			attributes = {
				LastUpgradeCheck = 1250;
				TargetAttributes = {
					EA72F2AE26536BCF0084F702 = {
						CreatedOnToolsVersion = 12.5;
					};
					EA72F2C926536BD40084F702 = {
						CreatedOnToolsVersion = 12.5;
						TestTargetID = EA72F2AE26536BCF0084F702;
					};
					EA72F2D426536BD40084F702 = {
						CreatedOnToolsVersion = 12.5;
						TestTargetID = EA72F2AE26536BCF0084F702;
					};
				};
			};
			buildConfigurationList = EA72F2AA26536BCF0084F702 /* Build configuration list for PBXProject "FoodReview" */;
			compatibilityVersion = "Xcode 9.3";
			developmentRegion = en;
			hasScannedForEncodings = 0;
			knownRegions = (
				en,
				Base,
			);
			mainGroup = EA72F2A626536BCF0084F702;
			productRefGroup = EA72F2B026536BCF0084F702 /* Products */;
			projectDirPath = "";
			projectRoot = "";
			targets = (
				EA72F2AE26536BCF0084F702 /* FoodReview */,
				EA72F2C926536BD40084F702 /* FoodReviewTests */,
				EA72F2D426536BD40084F702 /* FoodReviewUITests */,
			);
		};
/* End PBXProject section */

/* Begin PBXResourcesBuildPhase section */
		EA72F2AD26536BCF0084F702 /* Resources */ = {
			isa = PBXResourcesBuildPhase;
			buildActionMask = 2147483647;
			files = (
				EA72F2C226536BD30084F702 /* LaunchScreen.storyboard in Resources */,
				EA72F2BF26536BD30084F702 /* Assets.xcassets in Resources */,
				EA72F2BD26536BCF0084F702 /* Main.storyboard in Resources */,
			);
			runOnlyForDeploymentPostprocessing = 0;
		};
		EA72F2C826536BD40084F702 /* Resources */ = {
			isa = PBXResourcesBuildPhase;
			buildActionMask = 2147483647;
			files = (
			);
			runOnlyForDeploymentPostprocessing = 0;
		};
		EA72F2D326536BD40084F702 /* Resources */ = {
			isa = PBXResourcesBuildPhase;
			buildActionMask = 2147483647;
			files = (
			);
			runOnlyForDeploymentPostprocessing = 0;
		};
/* End PBXResourcesBuildPhase section */

/* Begin PBXSourcesBuildPhase section */
		EA72F2AB26536BCF0084F702 /* Sources */ = {
			isa = PBXSourcesBuildPhase;
			buildActionMask = 2147483647;
			files = (
				EA72F2B426536BCF0084F702 /* AppDelegate.m in Sources */,
				EA72F2F52653FD0E0084F702 /* TabBarController.m in Sources */,
				EA72F308265404900084F702 /* UIColor+MSCAdditions.m in Sources */,
				EA72F30C265418600084F702 /* NotificationViewController.m in Sources */,
				EA72F2FC265400080084F702 /* VideoViewController.m in Sources */,
				EA72F2FF2654003B0084F702 /* CreateViewController.m in Sources */,
				EA72F2C526536BD30084F702 /* main.m in Sources */,
				EA72F3022654005B0084F702 /* UserViewController.m in Sources */,
				EA72F2F92653FD490084F702 /* HomeViewController.m in Sources */,
				EA72F2B726536BCF0084F702 /* SceneDelegate.m in Sources */,
			);
			runOnlyForDeploymentPostprocessing = 0;
		};
		EA72F2C626536BD40084F702 /* Sources */ = {
			isa = PBXSourcesBuildPhase;
			buildActionMask = 2147483647;
			files = (
				EA72F2CF26536BD40084F702 /* FoodReviewTests.m in Sources */,
			);
			runOnlyForDeploymentPostprocessing = 0;
		};
		EA72F2D126536BD40084F702 /* Sources */ = {
			isa = PBXSourcesBuildPhase;
			buildActionMask = 2147483647;
			files = (
				EA72F2DA26536BD40084F702 /* FoodReviewUITests.m in Sources */,
			);
			runOnlyForDeploymentPostprocessing = 0;
		};
/* End PBXSourcesBuildPhase section */

/* Begin PBXTargetDependency section */
		EA72F2CC26536BD40084F702 /* PBXTargetDependency */ = {
			isa = PBXTargetDependency;
			target = EA72F2AE26536BCF0084F702 /* FoodReview */;
			targetProxy = EA72F2CB26536BD40084F702 /* PBXContainerItemProxy */;
		};
		EA72F2D726536BD40084F702 /* PBXTargetDependency */ = {
			isa = PBXTargetDependency;
			target = EA72F2AE26536BCF0084F702 /* FoodReview */;
			targetProxy = EA72F2D626536BD40084F702 /* PBXContainerItemProxy */;
		};
/* End PBXTargetDependency section */

/* Begin PBXVariantGroup section */
		EA72F2BB26536BCF0084F702 /* Main.storyboard */ = {
			isa = PBXVariantGroup;
			children = (
				EA72F2BC26536BCF0084F702 /* Base */,
			);
			name = Main.storyboard;
			sourceTree = "<group>";
		};
		EA72F2C026536BD30084F702 /* LaunchScreen.storyboard */ = {
			isa = PBXVariantGroup;
			children = (
				EA72F2C126536BD30084F702 /* Base */,
			);
			name = LaunchScreen.storyboard;
			sourceTree = "<group>";
		};
/* End PBXVariantGroup section */

/* Begin XCBuildConfiguration section */
		EA72F2DC26536BD40084F702 /* Debug */ = {
			isa = XCBuildConfiguration;
			buildSettings = {
				ALWAYS_SEARCH_USER_PATHS = NO;
				CLANG_ANALYZER_NONNULL = YES;
				CLANG_ANALYZER_NUMBER_OBJECT_CONVERSION = YES_AGGRESSIVE;
				CLANG_CXX_LANGUAGE_STANDARD = "gnu++14";
				CLANG_CXX_LIBRARY = "libc++";
				CLANG_ENABLE_MODULES = YES;
				CLANG_ENABLE_OBJC_ARC = YES;
				CLANG_ENABLE_OBJC_WEAK = YES;
				CLANG_WARN_BLOCK_CAPTURE_AUTORELEASING = YES;
				CLANG_WARN_BOOL_CONVERSION = YES;
				CLANG_WARN_COMMA = YES;
				CLANG_WARN_CONSTANT_CONVERSION = YES;
				CLANG_WARN_DEPRECATED_OBJC_IMPLEMENTATIONS = YES;
				CLANG_WARN_DIRECT_OBJC_ISA_USAGE = YES_ERROR;
				CLANG_WARN_DOCUMENTATION_COMMENTS = YES;
				CLANG_WARN_EMPTY_BODY = YES;
				CLANG_WARN_ENUM_CONVERSION = YES;
				CLANG_WARN_INFINITE_RECURSION = YES;
				CLANG_WARN_INT_CONVERSION = YES;
				CLANG_WARN_NON_LITERAL_NULL_CONVERSION = YES;
				CLANG_WARN_OBJC_IMPLICIT_RETAIN_SELF = YES;
				CLANG_WARN_OBJC_LITERAL_CONVERSION = YES;
				CLANG_WARN_OBJC_ROOT_CLASS = YES_ERROR;
				CLANG_WARN_QUOTED_INCLUDE_IN_FRAMEWORK_HEADER = YES;
				CLANG_WARN_RANGE_LOOP_ANALYSIS = YES;
				CLANG_WARN_STRICT_PROTOTYPES = YES;
				CLANG_WARN_SUSPICIOUS_MOVE = YES;
				CLANG_WARN_UNGUARDED_AVAILABILITY = YES_AGGRESSIVE;
				CLANG_WARN_UNREACHABLE_CODE = YES;
				CLANG_WARN__DUPLICATE_METHOD_MATCH = YES;
				COPY_PHASE_STRIP = NO;
				DEBUG_INFORMATION_FORMAT = dwarf;
				ENABLE_STRICT_OBJC_MSGSEND = YES;
				ENABLE_TESTABILITY = YES;
				GCC_C_LANGUAGE_STANDARD = gnu11;
				GCC_DYNAMIC_NO_PIC = NO;
				GCC_NO_COMMON_BLOCKS = YES;
				GCC_OPTIMIZATION_LEVEL = 0;
				GCC_PREPROCESSOR_DEFINITIONS = (
					"DEBUG=1",
					"$(inherited)",
				);
				GCC_WARN_64_TO_32_BIT_CONVERSION = YES;
				GCC_WARN_ABOUT_RETURN_TYPE = YES_ERROR;
				GCC_WARN_UNDECLARED_SELECTOR = YES;
				GCC_WARN_UNINITIALIZED_AUTOS = YES_AGGRESSIVE;
				GCC_WARN_UNUSED_FUNCTION = YES;
				GCC_WARN_UNUSED_VARIABLE = YES;
				IPHONEOS_DEPLOYMENT_TARGET = 14.5;
				MTL_ENABLE_DEBUG_INFO = INCLUDE_SOURCE;
				MTL_FAST_MATH = YES;
				ONLY_ACTIVE_ARCH = YES;
				SDKROOT = iphoneos;
			};
			name = Debug;
		};
		EA72F2DD26536BD40084F702 /* Release */ = {
			isa = XCBuildConfiguration;
			buildSettings = {
				ALWAYS_SEARCH_USER_PATHS = NO;
				CLANG_ANALYZER_NONNULL = YES;
				CLANG_ANALYZER_NUMBER_OBJECT_CONVERSION = YES_AGGRESSIVE;
				CLANG_CXX_LANGUAGE_STANDARD = "gnu++14";
				CLANG_CXX_LIBRARY = "libc++";
				CLANG_ENABLE_MODULES = YES;
				CLANG_ENABLE_OBJC_ARC = YES;
				CLANG_ENABLE_OBJC_WEAK = YES;
				CLANG_WARN_BLOCK_CAPTURE_AUTORELEASING = YES;
				CLANG_WARN_BOOL_CONVERSION = YES;
				CLANG_WARN_COMMA = YES;
				CLANG_WARN_CONSTANT_CONVERSION = YES;
				CLANG_WARN_DEPRECATED_OBJC_IMPLEMENTATIONS = YES;
				CLANG_WARN_DIRECT_OBJC_ISA_USAGE = YES_ERROR;
				CLANG_WARN_DOCUMENTATION_COMMENTS = YES;
				CLANG_WARN_EMPTY_BODY = YES;
				CLANG_WARN_ENUM_CONVERSION = YES;
				CLANG_WARN_INFINITE_RECURSION = YES;
				CLANG_WARN_INT_CONVERSION = YES;
				CLANG_WARN_NON_LITERAL_NULL_CONVERSION = YES;
				CLANG_WARN_OBJC_IMPLICIT_RETAIN_SELF = YES;
				CLANG_WARN_OBJC_LITERAL_CONVERSION = YES;
				CLANG_WARN_OBJC_ROOT_CLASS = YES_ERROR;
				CLANG_WARN_QUOTED_INCLUDE_IN_FRAMEWORK_HEADER = YES;
				CLANG_WARN_RANGE_LOOP_ANALYSIS = YES;
				CLANG_WARN_STRICT_PROTOTYPES = YES;
				CLANG_WARN_SUSPICIOUS_MOVE = YES;
				CLANG_WARN_UNGUARDED_AVAILABILITY = YES_AGGRESSIVE;
				CLANG_WARN_UNREACHABLE_CODE = YES;
				CLANG_WARN__DUPLICATE_METHOD_MATCH = YES;
				COPY_PHASE_STRIP = NO;
				DEBUG_INFORMATION_FORMAT = "dwarf-with-dsym";
				ENABLE_NS_ASSERTIONS = NO;
				ENABLE_STRICT_OBJC_MSGSEND = YES;
				GCC_C_LANGUAGE_STANDARD = gnu11;
				GCC_NO_COMMON_BLOCKS = YES;
				GCC_WARN_64_TO_32_BIT_CONVERSION = YES;
				GCC_WARN_ABOUT_RETURN_TYPE = YES_ERROR;
				GCC_WARN_UNDECLARED_SELECTOR = YES;
				GCC_WARN_UNINITIALIZED_AUTOS = YES_AGGRESSIVE;
				GCC_WARN_UNUSED_FUNCTION = YES;
				GCC_WARN_UNUSED_VARIABLE = YES;
				IPHONEOS_DEPLOYMENT_TARGET = 14.5;
				MTL_ENABLE_DEBUG_INFO = NO;
				MTL_FAST_MATH = YES;
				SDKROOT = iphoneos;
				VALIDATE_PRODUCT = YES;
			};
			name = Release;
		};
		EA72F2DF26536BD40084F702 /* Debug */ = {
			isa = XCBuildConfiguration;
			buildSettings = {
				ASSETCATALOG_COMPILER_APPICON_NAME = AppIcon;
				ASSETCATALOG_COMPILER_GLOBAL_ACCENT_COLOR_NAME = AccentColor;
				CODE_SIGN_STYLE = Automatic;
				DEVELOPMENT_TEAM = NF448AL5B2;
				GCC_PREFIX_HEADER = "FoodReview/FoodReview-PrefixHeader.pch";
				INFOPLIST_FILE = FoodReview/Resource/Info.plist;
				LD_RUNPATH_SEARCH_PATHS = (
					"$(inherited)",
					"@executable_path/Frameworks",
				);
				PRODUCT_BUNDLE_IDENTIFIER = com.tai.FoodReview;
				PRODUCT_NAME = "$(TARGET_NAME)";
				TARGETED_DEVICE_FAMILY = 1;
			};
			name = Debug;
		};
		EA72F2E026536BD40084F702 /* Release */ = {
			isa = XCBuildConfiguration;
			buildSettings = {
				ASSETCATALOG_COMPILER_APPICON_NAME = AppIcon;
				ASSETCATALOG_COMPILER_GLOBAL_ACCENT_COLOR_NAME = AccentColor;
				CODE_SIGN_STYLE = Automatic;
				DEVELOPMENT_TEAM = NF448AL5B2;
				GCC_PREFIX_HEADER = "FoodReview/FoodReview-PrefixHeader.pch";
				INFOPLIST_FILE = FoodReview/Resource/Info.plist;
				LD_RUNPATH_SEARCH_PATHS = (
					"$(inherited)",
					"@executable_path/Frameworks",
				);
				PRODUCT_BUNDLE_IDENTIFIER = com.tai.FoodReview;
				PRODUCT_NAME = "$(TARGET_NAME)";
				TARGETED_DEVICE_FAMILY = 1;
			};
			name = Release;
		};
		EA72F2E226536BD40084F702 /* Debug */ = {
			isa = XCBuildConfiguration;
			buildSettings = {
				BUNDLE_LOADER = "$(TEST_HOST)";
				CODE_SIGN_STYLE = Automatic;
				DEVELOPMENT_TEAM = NF448AL5B2;
				INFOPLIST_FILE = FoodReviewTests/Info.plist;
				IPHONEOS_DEPLOYMENT_TARGET = 14.5;
				LD_RUNPATH_SEARCH_PATHS = (
					"$(inherited)",
					"@executable_path/Frameworks",
					"@loader_path/Frameworks",
				);
				PRODUCT_BUNDLE_IDENTIFIER = com.tai.FoodReviewTests;
				PRODUCT_NAME = "$(TARGET_NAME)";
				TARGETED_DEVICE_FAMILY = "1,2";
				TEST_HOST = "$(BUILT_PRODUCTS_DIR)/FoodReview.app/FoodReview";
			};
			name = Debug;
		};
		EA72F2E326536BD40084F702 /* Release */ = {
			isa = XCBuildConfiguration;
			buildSettings = {
				BUNDLE_LOADER = "$(TEST_HOST)";
				CODE_SIGN_STYLE = Automatic;
				DEVELOPMENT_TEAM = NF448AL5B2;
				INFOPLIST_FILE = FoodReviewTests/Info.plist;
				IPHONEOS_DEPLOYMENT_TARGET = 14.5;
				LD_RUNPATH_SEARCH_PATHS = (
					"$(inherited)",
					"@executable_path/Frameworks",
					"@loader_path/Frameworks",
				);
				PRODUCT_BUNDLE_IDENTIFIER = com.tai.FoodReviewTests;
				PRODUCT_NAME = "$(TARGET_NAME)";
				TARGETED_DEVICE_FAMILY = "1,2";
				TEST_HOST = "$(BUILT_PRODUCTS_DIR)/FoodReview.app/FoodReview";
			};
			name = Release;
		};
		EA72F2E526536BD40084F702 /* Debug */ = {
			isa = XCBuildConfiguration;
			buildSettings = {
				CODE_SIGN_STYLE = Automatic;
				DEVELOPMENT_TEAM = NF448AL5B2;
				INFOPLIST_FILE = FoodReviewUITests/Info.plist;
				LD_RUNPATH_SEARCH_PATHS = (
					"$(inherited)",
					"@executable_path/Frameworks",
					"@loader_path/Frameworks",
				);
				PRODUCT_BUNDLE_IDENTIFIER = com.tai.FoodReviewUITests;
				PRODUCT_NAME = "$(TARGET_NAME)";
				TARGETED_DEVICE_FAMILY = "1,2";
				TEST_TARGET_NAME = FoodReview;
			};
			name = Debug;
		};
		EA72F2E626536BD40084F702 /* Release */ = {
			isa = XCBuildConfiguration;
			buildSettings = {
				CODE_SIGN_STYLE = Automatic;
				DEVELOPMENT_TEAM = NF448AL5B2;
				INFOPLIST_FILE = FoodReviewUITests/Info.plist;
				LD_RUNPATH_SEARCH_PATHS = (
					"$(inherited)",
					"@executable_path/Frameworks",
					"@loader_path/Frameworks",
				);
				PRODUCT_BUNDLE_IDENTIFIER = com.tai.FoodReviewUITests;
				PRODUCT_NAME = "$(TARGET_NAME)";
				TARGETED_DEVICE_FAMILY = "1,2";
				TEST_TARGET_NAME = FoodReview;
			};
			name = Release;
		};
/* End XCBuildConfiguration section */

/* Begin XCConfigurationList section */
		EA72F2AA26536BCF0084F702 /* Build configuration list for PBXProject "FoodReview" */ = {
			isa = XCConfigurationList;
			buildConfigurations = (
				EA72F2DC26536BD40084F702 /* Debug */,
				EA72F2DD26536BD40084F702 /* Release */,
			);
			defaultConfigurationIsVisible = 0;
			defaultConfigurationName = Release;
		};
		EA72F2DE26536BD40084F702 /* Build configuration list for PBXNativeTarget "FoodReview" */ = {
			isa = XCConfigurationList;
			buildConfigurations = (
				EA72F2DF26536BD40084F702 /* Debug */,
				EA72F2E026536BD40084F702 /* Release */,
			);
			defaultConfigurationIsVisible = 0;
			defaultConfigurationName = Release;
		};
		EA72F2E126536BD40084F702 /* Build configuration list for PBXNativeTarget "FoodReviewTests" */ = {
			isa = XCConfigurationList;
			buildConfigurations = (
				EA72F2E226536BD40084F702 /* Debug */,
				EA72F2E326536BD40084F702 /* Release */,
			);
			defaultConfigurationIsVisible = 0;
			defaultConfigurationName = Release;
		};
		EA72F2E426536BD40084F702 /* Build configuration list for PBXNativeTarget "FoodReviewUITests" */ = {
			isa = XCConfigurationList;
			buildConfigurations = (
				EA72F2E526536BD40084F702 /* Debug */,
				EA72F2E626536BD40084F702 /* Release */,
			);
			defaultConfigurationIsVisible = 0;
			defaultConfigurationName = Release;
		};
/* End XCConfigurationList section */
	};
	rootObject = EA72F2A726536BCF0084F702 /* Project object */;
}
